// !$*UTF8*$!
{
	archiveVersion = 1;
	classes = {
	};
	objectVersion = 46;
	objects = {

/* Begin PBXBuildFile section */
		F0995C521B051012004E7A61 /* AppDelegate.swift in Sources */ = {isa = PBXBuildFile; fileRef = F0995C511B051012004E7A61 /* AppDelegate.swift */; };
		F0995C541B051012004E7A61 /* ViewController.swift in Sources */ = {isa = PBXBuildFile; fileRef = F0995C531B051012004E7A61 /* ViewController.swift */; };
		F0995C571B051012004E7A61 /* Main.storyboard in Resources */ = {isa = PBXBuildFile; fileRef = F0995C551B051012004E7A61 /* Main.storyboard */; };
		F0995C591B051012004E7A61 /* Images.xcassets in Resources */ = {isa = PBXBuildFile; fileRef = F0995C581B051012004E7A61 /* Images.xcassets */; };
		F0995C5C1B051012004E7A61 /* LaunchScreen.xib in Resources */ = {isa = PBXBuildFile; fileRef = F0995C5A1B051012004E7A61 /* LaunchScreen.xib */; };
		F0995C681B051012004E7A61 /* AutoLayout01Tests.swift in Sources */ = {isa = PBXBuildFile; fileRef = F0995C671B051012004E7A61 /* AutoLayout01Tests.swift */; };
		F0995C751B051F55004E7A61 /* View.swift in Sources */ = {isa = PBXBuildFile; fileRef = F0995C741B051F55004E7A61 /* View.swift */; };
/* End PBXBuildFile section */

/* Begin PBXContainerItemProxy section */
		F0995C621B051012004E7A61 /* PBXContainerItemProxy */ = {
			isa = PBXContainerItemProxy;
			containerPortal = F0995C441B051012004E7A61 /* Project object */;
			proxyType = 1;
			remoteGlobalIDString = F0995C4B1B051012004E7A61;
			remoteInfo = AutoLayout01;
		};
/* End PBXContainerItemProxy section */

/* Begin PBXFileReference section */
		F0995C4C1B051012004E7A61 /* AutoLayout01.app */ = {isa = PBXFileReference; explicitFileType = wrapper.application; includeInIndex = 0; path = AutoLayout01.app; sourceTree = BUILT_PRODUCTS_DIR; };
		F0995C501B051012004E7A61 /* Info.plist */ = {isa = PBXFileReference; lastKnownFileType = text.plist.xml; path = Info.plist; sourceTree = "<group>"; };
		F0995C511B051012004E7A61 /* AppDelegate.swift */ = {isa = PBXFileReference; lastKnownFileType = sourcecode.swift; path = AppDelegate.swift; sourceTree = "<group>"; };
		F0995C531B051012004E7A61 /* ViewController.swift */ = {isa = PBXFileReference; lastKnownFileType = sourcecode.swift; path = ViewController.swift; sourceTree = "<group>"; };
		F0995C561B051012004E7A61 /* Base */ = {isa = PBXFileReference; lastKnownFileType = file.storyboard; name = Base; path = Base.lproj/Main.storyboard; sourceTree = "<group>"; };
		F0995C581B051012004E7A61 /* Images.xcassets */ = {isa = PBXFileReference; lastKnownFileType = folder.assetcatalog; path = Images.xcassets; sourceTree = "<group>"; };
		F0995C5B1B051012004E7A61 /* Base */ = {isa = PBXFileReference; lastKnownFileType = file.xib; name = Base; path = Base.lproj/LaunchScreen.xib; sourceTree = "<group>"; };
		F0995C611B051012004E7A61 /* AutoLayout01Tests.xctest */ = {isa = PBXFileReference; explicitFileType = wrapper.cfbundle; includeInIndex = 0; path = AutoLayout01Tests.xctest; sourceTree = BUILT_PRODUCTS_DIR; };
		F0995C661B051012004E7A61 /* Info.plist */ = {isa = PBXFileReference; lastKnownFileType = text.plist.xml; path = Info.plist; sourceTree = "<group>"; };
		F0995C671B051012004E7A61 /* AutoLayout01Tests.swift */ = {isa = PBXFileReference; lastKnownFileType = sourcecode.swift; path = AutoLayout01Tests.swift; sourceTree = "<group>"; };
		F0995C741B051F55004E7A61 /* View.swift */ = {isa = PBXFileReference; fileEncoding = 4; lastKnownFileType = sourcecode.swift; path = View.swift; sourceTree = "<group>"; };
/* End PBXFileReference section */

/* Begin PBXFrameworksBuildPhase section */
		F0995C491B051012004E7A61 /* Frameworks */ = {
			isa = PBXFrameworksBuildPhase;
			buildActionMask = 2147483647;
			files = (
			);
			runOnlyForDeploymentPostprocessing = 0;
		};
		F0995C5E1B051012004E7A61 /* Frameworks */ = {
			isa = PBXFrameworksBuildPhase;
			buildActionMask = 2147483647;
			files = (
			);
			runOnlyForDeploymentPostprocessing = 0;
		};
/* End PBXFrameworksBuildPhase section */

/* Begin PBXGroup section */
		F0995C431B051012004E7A61 = {
			isa = PBXGroup;
			children = (
				F0995C4E1B051012004E7A61 /* AutoLayout01 */,
				F0995C641B051012004E7A61 /* AutoLayout01Tests */,
				F0995C4D1B051012004E7A61 /* Products */,
			);
			sourceTree = "<group>";
		};
		F0995C4D1B051012004E7A61 /* Products */ = {
			isa = PBXGroup;
			children = (
				F0995C4C1B051012004E7A61 /* AutoLayout01.app */,
				F0995C611B051012004E7A61 /* AutoLayout01Tests.xctest */,
			);
			name = Products;
			sourceTree = "<group>";
		};
		F0995C4E1B051012004E7A61 /* AutoLayout01 */ = {
			isa = PBXGroup;
			children = (
				F0995C531B051012004E7A61 /* ViewController.swift */,
				F0995C741B051F55004E7A61 /* View.swift */,
				F0995C551B051012004E7A61 /* Main.storyboard */,
				F0995C581B051012004E7A61 /* Images.xcassets */,
				F0995C4F1B051012004E7A61 /* Supporting Files */,
			);
			path = AutoLayout01;
			sourceTree = "<group>";
		};
		F0995C4F1B051012004E7A61 /* Supporting Files */ = {
			isa = PBXGroup;
			children = (
				F0995C511B051012004E7A61 /* AppDelegate.swift */,
				F0995C5A1B051012004E7A61 /* LaunchScreen.xib */,
				F0995C501B051012004E7A61 /* Info.plist */,
			);
			name = "Supporting Files";
			sourceTree = "<group>";
		};
		F0995C641B051012004E7A61 /* AutoLayout01Tests */ = {
			isa = PBXGroup;
			children = (
				F0995C671B051012004E7A61 /* AutoLayout01Tests.swift */,
				F0995C651B051012004E7A61 /* Supporting Files */,
			);
			path = AutoLayout01Tests;
			sourceTree = "<group>";
		};
		F0995C651B051012004E7A61 /* Supporting Files */ = {
			isa = PBXGroup;
			children = (
				F0995C661B051012004E7A61 /* Info.plist */,
			);
			name = "Supporting Files";
			sourceTree = "<group>";
		};
/* End PBXGroup section */

/* Begin PBXNativeTarget section */
		F0995C4B1B051012004E7A61 /* AutoLayout01 */ = {
			isa = PBXNativeTarget;
			buildConfigurationList = F0995C6B1B051012004E7A61 /* Build configuration list for PBXNativeTarget "AutoLayout01" */;
			buildPhases = (
				F0995C481B051012004E7A61 /* Sources */,
				F0995C491B051012004E7A61 /* Frameworks */,
				F0995C4A1B051012004E7A61 /* Resources */,
			);
			buildRules = (
			);
			dependencies = (
			);
			name = AutoLayout01;
			productName = AutoLayout01;
			productReference = F0995C4C1B051012004E7A61 /* AutoLayout01.app */;
			productType = "com.apple.product-type.application";
		};
		F0995C601B051012004E7A61 /* AutoLayout01Tests */ = {
			isa = PBXNativeTarget;
			buildConfigurationList = F0995C6E1B051012004E7A61 /* Build configuration list for PBXNativeTarget "AutoLayout01Tests" */;
			buildPhases = (
				F0995C5D1B051012004E7A61 /* Sources */,
				F0995C5E1B051012004E7A61 /* Frameworks */,
				F0995C5F1B051012004E7A61 /* Resources */,
			);
			buildRules = (
			);
			dependencies = (
				F0995C631B051012004E7A61 /* PBXTargetDependency */,
			);
			name = AutoLayout01Tests;
			productName = AutoLayout01Tests;
			productReference = F0995C611B051012004E7A61 /* AutoLayout01Tests.xctest */;
			productType = "com.apple.product-type.bundle.unit-test";
		};
/* End PBXNativeTarget section */

/* Begin PBXProject section */
		F0995C441B051012004E7A61 /* Project object */ = {
			isa = PBXProject;
			attributes = {
				LastUpgradeCheck = 0630;
				ORGANIZATIONNAME = "Todd Fleeman";
				TargetAttributes = {
					F0995C4B1B051012004E7A61 = {
						CreatedOnToolsVersion = 6.3.1;
					};
					F0995C601B051012004E7A61 = {
						CreatedOnToolsVersion = 6.3.1;
						TestTargetID = F0995C4B1B051012004E7A61;
					};
				};
			};
			buildConfigurationList = F0995C471B051012004E7A61 /* Build configuration list for PBXProject "AutoLayout01" */;
			compatibilityVersion = "Xcode 3.2";
			developmentRegion = English;
			hasScannedForEncodings = 0;
			knownRegions = (
				en,
				Base,
			);
			mainGroup = F0995C431B051012004E7A61;
			productRefGroup = F0995C4D1B051012004E7A61 /* Products */;
			projectDirPath = "";
			projectRoot = "";
			targets = (
				F0995C4B1B051012004E7A61 /* AutoLayout01 */,
				F0995C601B051012004E7A61 /* AutoLayout01Tests */,
			);
		};
/* End PBXProject section */

/* Begin PBXResourcesBuildPhase section */
		F0995C4A1B051012004E7A61 /* Resources */ = {
			isa = PBXResourcesBuildPhase;
			buildActionMask = 2147483647;
			files = (
				F0995C571B051012004E7A61 /* Main.storyboard in Resources */,
				F0995C5C1B051012004E7A61 /* LaunchScreen.xib in Resources */,
				F0995C591B051012004E7A61 /* Images.xcassets in Resources */,
			);
			runOnlyForDeploymentPostprocessing = 0;
		};
		F0995C5F1B051012004E7A61 /* Resources */ = {
			isa = PBXResourcesBuildPhase;
			buildActionMask = 2147483647;
			files = (
			);
			runOnlyForDeploymentPostprocessing = 0;
		};
/* End PBXResourcesBuildPhase section */

/* Begin PBXSourcesBuildPhase section */
		F0995C481B051012004E7A61 /* Sources */ = {
			isa = PBXSourcesBuildPhase;
			buildActionMask = 2147483647;
			files = (
				F0995C541B051012004E7A61 /* ViewController.swift in Sources */,
				F0995C521B051012004E7A61 /* AppDelegate.swift in Sources */,
				F0995C751B051F55004E7A61 /* View.swift in Sources */,
			);
			runOnlyForDeploymentPostprocessing = 0;
		};
		F0995C5D1B051012004E7A61 /* Sources */ = {
			isa = PBXSourcesBuildPhase;
			buildActionMask = 2147483647;
			files = (
				F0995C681B051012004E7A61 /* AutoLayout01Tests.swift in Sources */,
			);
			runOnlyForDeploymentPostprocessing = 0;
		};
/* End PBXSourcesBuildPhase section */

/* Begin PBXTargetDependency section */
		F0995C631B051012004E7A61 /* PBXTargetDependency */ = {
			isa = PBXTargetDependency;
			target = F0995C4B1B051012004E7A61 /* AutoLayout01 */;
			targetProxy = F0995C621B051012004E7A61 /* PBXContainerItemProxy */;
		};
/* End PBXTargetDependency section */

/* Begin PBXVariantGroup section */
		F0995C551B051012004E7A61 /* Main.storyboard */ = {
			isa = PBXVariantGroup;
			children = (
				F0995C561B051012004E7A61 /* Base */,
			);
			name = Main.storyboard;
			sourceTree = "<group>";
		};
		F0995C5A1B051012004E7A61 /* LaunchScreen.xib */ = {
			isa = PBXVariantGroup;
			children = (
				F0995C5B1B051012004E7A61 /* Base */,
			);
			name = LaunchScreen.xib;
			sourceTree = "<group>";
		};
/* End PBXVariantGroup section */

/* Begin XCBuildConfiguration section */
		F0995C691B051012004E7A61 /* Debug */ = {
			isa = XCBuildConfiguration;
			buildSettings = {
				ALWAYS_SEARCH_USER_PATHS = NO;
				CLANG_CXX_LANGUAGE_STANDARD = "gnu++0x";
				CLANG_CXX_LIBRARY = "libc++";
				CLANG_ENABLE_MODULES = YES;
				CLANG_ENABLE_OBJC_ARC = YES;
				CLANG_WARN_BOOL_CONVERSION = YES;
				CLANG_WARN_CONSTANT_CONVERSION = YES;
				CLANG_WARN_DIRECT_OBJC_ISA_USAGE = YES_ERROR;
				CLANG_WARN_EMPTY_BODY = YES;
				CLANG_WARN_ENUM_CONVERSION = YES;
				CLANG_WARN_INT_CONVERSION = YES;
				CLANG_WARN_OBJC_ROOT_CLASS = YES_ERROR;
				CLANG_WARN_UNREACHABLE_CODE = YES;
				CLANG_WARN__DUPLICATE_METHOD_MATCH = YES;
				"CODE_SIGN_IDENTITY[sdk=iphoneos*]" = "iPhone Developer";
				COPY_PHASE_STRIP = NO;
				DEBUG_INFORMATION_FORMAT = "dwarf-with-dsym";
				ENABLE_STRICT_OBJC_MSGSEND = YES;
				GCC_C_LANGUAGE_STANDARD = gnu99;
				GCC_DYNAMIC_NO_PIC = NO;
				GCC_NO_COMMON_BLOCKS = YES;
				GCC_OPTIMIZATION_LEVEL = 0;
				GCC_PREPROCESSOR_DEFINITIONS = (
					"DEBUG=1",
					"$(inherited)",
				);
				GCC_SYMBOLS_PRIVATE_EXTERN = NO;
				GCC_WARN_64_TO_32_BIT_CONVERSION = YES;
				GCC_WARN_ABOUT_RETURN_TYPE = YES_ERROR;
				GCC_WARN_UNDECLARED_SELECTOR = YES;
				GCC_WARN_UNINITIALIZED_AUTOS = YES_AGGRESSIVE;
				GCC_WARN_UNUSED_FUNCTION = YES;
				GCC_WARN_UNUSED_VARIABLE = YES;
				IPHONEOS_DEPLOYMENT_TARGET = 8.3;
				MTL_ENABLE_DEBUG_INFO = YES;
				ONLY_ACTIVE_ARCH = YES;
				SDKROOT = iphoneos;
				SWIFT_OPTIMIZATION_LEVEL = "-Onone";
				TARGETED_DEVICE_FAMILY = "1,2";
			};
			name = Debug;
		};
		F0995C6A1B051012004E7A61 /* Release */ = {
			isa = XCBuildConfiguration;
			buildSettings = {
				ALWAYS_SEARCH_USER_PATHS = NO;
				CLANG_CXX_LANGUAGE_STANDARD = "gnu++0x";
				CLANG_CXX_LIBRARY = "libc++";
				CLANG_ENABLE_MODULES = YES;
				CLANG_ENABLE_OBJC_ARC = YES;
				CLANG_WARN_BOOL_CONVERSION = YES;
				CLANG_WARN_CONSTANT_CONVERSION = YES;
				CLANG_WARN_DIRECT_OBJC_ISA_USAGE = YES_ERROR;
				CLANG_WARN_EMPTY_BODY = YES;
				CLANG_WARN_ENUM_CONVERSION = YES;
				CLANG_WARN_INT_CONVERSION = YES;
				CLANG_WARN_OBJC_ROOT_CLASS = YES_ERROR;
				CLANG_WARN_UNREACHABLE_CODE = YES;
				CLANG_WARN__DUPLICATE_METHOD_MATCH = YES;
				"CODE_SIGN_IDENTITY[sdk=iphoneos*]" = "iPhone Developer";
				COPY_PHASE_STRIP = NO;
				DEBUG_INFORMATION_FORMAT = "dwarf-with-dsym";
				ENABLE_NS_ASSERTIONS = NO;
				ENABLE_STRICT_OBJC_MSGSEND = YES;
				GCC_C_LANGUAGE_STANDARD = gnu99;
				GCC_NO_COMMON_BLOCKS = YES;
				GCC_WARN_64_TO_32_BIT_CONVERSION = YES;
				GCC_WARN_ABOUT_RETURN_TYPE = YES_ERROR;
				GCC_WARN_UNDECLARED_SELECTOR = YES;
				GCC_WARN_UNINITIALIZED_AUTOS = YES_AGGRESSIVE;
				GCC_WARN_UNUSED_FUNCTION = YES;
				GCC_WARN_UNUSED_VARIABLE = YES;
				IPHONEOS_DEPLOYMENT_TARGET = 8.3;
				MTL_ENABLE_DEBUG_INFO = NO;
				SDKROOT = iphoneos;
				TARGETED_DEVICE_FAMILY = "1,2";
				VALIDATE_PRODUCT = YES;
			};
			name = Release;
		};
		F0995C6C1B051012004E7A61 /* Debug */ = {
			isa = XCBuildConfiguration;
			buildSettings = {
				ASSETCATALOG_COMPILER_APPICON_NAME = AppIcon;
				INFOPLIST_FILE = AutoLayout01/Info.plist;
				LD_RUNPATH_SEARCH_PATHS = "$(inherited) @executable_path/Frameworks";
				PRODUCT_NAME = "$(TARGET_NAME)";
			};
			name = Debug;
		};
		F0995C6D1B051012004E7A61 /* Release */ = {
			isa = XCBuildConfiguration;
			buildSettings = {
				ASSETCATALOG_COMPILER_APPICON_NAME = AppIcon;
				INFOPLIST_FILE = AutoLayout01/Info.plist;
				LD_RUNPATH_SEARCH_PATHS = "$(inherited) @executable_path/Frameworks";
				PRODUCT_NAME = "$(TARGET_NAME)";
			};
			name = Release;
		};
		F0995C6F1B051012004E7A61 /* Debug */ = {
			isa = XCBuildConfiguration;
			buildSettings = {
				BUNDLE_LOADER = "$(TEST_HOST)";
				FRAMEWORK_SEARCH_PATHS = (
					"$(SDKROOT)/Developer/Library/Frameworks",
					"$(inherited)",
				);
				GCC_PREPROCESSOR_DEFINITIONS = (
					"DEBUG=1",
					"$(inherited)",
				);
				INFOPLIST_FILE = AutoLayout01Tests/Info.plist;
				LD_RUNPATH_SEARCH_PATHS = "$(inherited) @executable_path/Frameworks @loader_path/Frameworks";
				PRODUCT_NAME = "$(TARGET_NAME)";
				TEST_HOST = "$(BUILT_PRODUCTS_DIR)/AutoLayout01.app/AutoLayout01";
			};
			name = Debug;
		};
		F0995C701B051012004E7A61 /* Release */ = {
			isa = XCBuildConfiguration;
			buildSettings = {
				BUNDLE_LOADER = "$(TEST_HOST)";
				FRAMEWORK_SEARCH_PATHS = (
					"$(SDKROOT)/Developer/Library/Frameworks",
					"$(inherited)",
				);
				INFOPLIST_FILE = AutoLayout01Tests/Info.plist;
				LD_RUNPATH_SEARCH_PATHS = "$(inherited) @executable_path/Frameworks @loader_path/Frameworks";
				PRODUCT_NAME = "$(TARGET_NAME)";
				TEST_HOST = "$(BUILT_PRODUCTS_DIR)/AutoLayout01.app/AutoLayout01";
			};
			name = Release;
		};
/* End XCBuildConfiguration section */

/* Begin XCConfigurationList section */
		F0995C471B051012004E7A61 /* Build configuration list for PBXProject "AutoLayout01" */ = {
			isa = XCConfigurationList;
			buildConfigurations = (
				F0995C691B051012004E7A61 /* Debug */,
				F0995C6A1B051012004E7A61 /* Release */,
			);
			defaultConfigurationIsVisible = 0;
			defaultConfigurationName = Release;
		};
		F0995C6B1B051012004E7A61 /* Build configuration list for PBXNativeTarget "AutoLayout01" */ = {
			isa = XCConfigurationList;
			buildConfigurations = (
				F0995C6C1B051012004E7A61 /* Debug */,
				F0995C6D1B051012004E7A61 /* Release */,
			);
			defaultConfigurationIsVisible = 0;
		};
		F0995C6E1B051012004E7A61 /* Build configuration list for PBXNativeTarget "AutoLayout01Tests" */ = {
			isa = XCConfigurationList;
			buildConfigurations = (
				F0995C6F1B051012004E7A61 /* Debug */,
				F0995C701B051012004E7A61 /* Release */,
			);
			defaultConfigurationIsVisible = 0;
		};
/* End XCConfigurationList section */
	};
	rootObject = F0995C441B051012004E7A61 /* Project object */;
}
