// !$*UTF8*$!
{
	archiveVersion = 1;
	classes = {
	};
	objectVersion = 46;
	objects = {

/* Begin PBXBuildFile section */
		F07DE8031B18E1230054E024 /* AppDelegate.swift in Sources */ = {isa = PBXBuildFile; fileRef = F07DE8021B18E1230054E024 /* AppDelegate.swift */; };
		F07DE8051B18E1230054E024 /* ViewController.swift in Sources */ = {isa = PBXBuildFile; fileRef = F07DE8041B18E1230054E024 /* ViewController.swift */; };
		F07DE8081B18E1230054E024 /* Main.storyboard in Resources */ = {isa = PBXBuildFile; fileRef = F07DE8061B18E1230054E024 /* Main.storyboard */; };
		F07DE80A1B18E1230054E024 /* Images.xcassets in Resources */ = {isa = PBXBuildFile; fileRef = F07DE8091B18E1230054E024 /* Images.xcassets */; };
		F07DE80D1B18E1230054E024 /* LaunchScreen.xib in Resources */ = {isa = PBXBuildFile; fileRef = F07DE80B1B18E1230054E024 /* LaunchScreen.xib */; };
		F07DE8191B18E1240054E024 /* CoreImage01Tests.swift in Sources */ = {isa = PBXBuildFile; fileRef = F07DE8181B18E1240054E024 /* CoreImage01Tests.swift */; };
/* End PBXBuildFile section */

/* Begin PBXContainerItemProxy section */
		F07DE8131B18E1240054E024 /* PBXContainerItemProxy */ = {
			isa = PBXContainerItemProxy;
			containerPortal = F07DE7F51B18E1230054E024 /* Project object */;
			proxyType = 1;
			remoteGlobalIDString = F07DE7FC1B18E1230054E024;
			remoteInfo = CoreImage01;
		};
/* End PBXContainerItemProxy section */

/* Begin PBXFileReference section */
		F07DE7FD1B18E1230054E024 /* CoreImage01.app */ = {isa = PBXFileReference; explicitFileType = wrapper.application; includeInIndex = 0; path = CoreImage01.app; sourceTree = BUILT_PRODUCTS_DIR; };
		F07DE8011B18E1230054E024 /* Info.plist */ = {isa = PBXFileReference; lastKnownFileType = text.plist.xml; path = Info.plist; sourceTree = "<group>"; };
		F07DE8021B18E1230054E024 /* AppDelegate.swift */ = {isa = PBXFileReference; lastKnownFileType = sourcecode.swift; path = AppDelegate.swift; sourceTree = "<group>"; };
		F07DE8041B18E1230054E024 /* ViewController.swift */ = {isa = PBXFileReference; lastKnownFileType = sourcecode.swift; path = ViewController.swift; sourceTree = "<group>"; };
		F07DE8071B18E1230054E024 /* Base */ = {isa = PBXFileReference; lastKnownFileType = file.storyboard; name = Base; path = Base.lproj/Main.storyboard; sourceTree = "<group>"; };
		F07DE8091B18E1230054E024 /* Images.xcassets */ = {isa = PBXFileReference; lastKnownFileType = folder.assetcatalog; path = Images.xcassets; sourceTree = "<group>"; };
		F07DE80C1B18E1230054E024 /* Base */ = {isa = PBXFileReference; lastKnownFileType = file.xib; name = Base; path = Base.lproj/LaunchScreen.xib; sourceTree = "<group>"; };
		F07DE8121B18E1240054E024 /* CoreImage01Tests.xctest */ = {isa = PBXFileReference; explicitFileType = wrapper.cfbundle; includeInIndex = 0; path = CoreImage01Tests.xctest; sourceTree = BUILT_PRODUCTS_DIR; };
		F07DE8171B18E1240054E024 /* Info.plist */ = {isa = PBXFileReference; lastKnownFileType = text.plist.xml; path = Info.plist; sourceTree = "<group>"; };
		F07DE8181B18E1240054E024 /* CoreImage01Tests.swift */ = {isa = PBXFileReference; lastKnownFileType = sourcecode.swift; path = CoreImage01Tests.swift; sourceTree = "<group>"; };
/* End PBXFileReference section */

/* Begin PBXFrameworksBuildPhase section */
		F07DE7FA1B18E1230054E024 /* Frameworks */ = {
			isa = PBXFrameworksBuildPhase;
			buildActionMask = 2147483647;
			files = (
			);
			runOnlyForDeploymentPostprocessing = 0;
		};
		F07DE80F1B18E1240054E024 /* Frameworks */ = {
			isa = PBXFrameworksBuildPhase;
			buildActionMask = 2147483647;
			files = (
			);
			runOnlyForDeploymentPostprocessing = 0;
		};
/* End PBXFrameworksBuildPhase section */

/* Begin PBXGroup section */
		F07DE7F41B18E1230054E024 = {
			isa = PBXGroup;
			children = (
				F07DE7FF1B18E1230054E024 /* CoreImage01 */,
				F07DE8151B18E1240054E024 /* CoreImage01Tests */,
				F07DE7FE1B18E1230054E024 /* Products */,
			);
			sourceTree = "<group>";
		};
		F07DE7FE1B18E1230054E024 /* Products */ = {
			isa = PBXGroup;
			children = (
				F07DE7FD1B18E1230054E024 /* CoreImage01.app */,
				F07DE8121B18E1240054E024 /* CoreImage01Tests.xctest */,
			);
			name = Products;
			sourceTree = "<group>";
		};
		F07DE7FF1B18E1230054E024 /* CoreImage01 */ = {
			isa = PBXGroup;
			children = (
				F07DE8041B18E1230054E024 /* ViewController.swift */,
				F07DE8061B18E1230054E024 /* Main.storyboard */,
				F07DE8001B18E1230054E024 /* Supporting Files */,
			);
			path = CoreImage01;
			sourceTree = "<group>";
		};
		F07DE8001B18E1230054E024 /* Supporting Files */ = {
			isa = PBXGroup;
			children = (
				F07DE80B1B18E1230054E024 /* LaunchScreen.xib */,
				F07DE8091B18E1230054E024 /* Images.xcassets */,
				F07DE8021B18E1230054E024 /* AppDelegate.swift */,
				F07DE8011B18E1230054E024 /* Info.plist */,
			);
			name = "Supporting Files";
			sourceTree = "<group>";
		};
		F07DE8151B18E1240054E024 /* CoreImage01Tests */ = {
			isa = PBXGroup;
			children = (
				F07DE8181B18E1240054E024 /* CoreImage01Tests.swift */,
				F07DE8161B18E1240054E024 /* Supporting Files */,
			);
			path = CoreImage01Tests;
			sourceTree = "<group>";
		};
		F07DE8161B18E1240054E024 /* Supporting Files */ = {
			isa = PBXGroup;
			children = (
				F07DE8171B18E1240054E024 /* Info.plist */,
			);
			name = "Supporting Files";
			sourceTree = "<group>";
		};
/* End PBXGroup section */

/* Begin PBXNativeTarget section */
		F07DE7FC1B18E1230054E024 /* CoreImage01 */ = {
			isa = PBXNativeTarget;
			buildConfigurationList = F07DE81C1B18E1240054E024 /* Build configuration list for PBXNativeTarget "CoreImage01" */;
			buildPhases = (
				F07DE7F91B18E1230054E024 /* Sources */,
				F07DE7FA1B18E1230054E024 /* Frameworks */,
				F07DE7FB1B18E1230054E024 /* Resources */,
			);
			buildRules = (
			);
			dependencies = (
			);
			name = CoreImage01;
			productName = CoreImage01;
			productReference = F07DE7FD1B18E1230054E024 /* CoreImage01.app */;
			productType = "com.apple.product-type.application";
		};
		F07DE8111B18E1240054E024 /* CoreImage01Tests */ = {
			isa = PBXNativeTarget;
			buildConfigurationList = F07DE81F1B18E1240054E024 /* Build configuration list for PBXNativeTarget "CoreImage01Tests" */;
			buildPhases = (
				F07DE80E1B18E1240054E024 /* Sources */,
				F07DE80F1B18E1240054E024 /* Frameworks */,
				F07DE8101B18E1240054E024 /* Resources */,
			);
			buildRules = (
			);
			dependencies = (
				F07DE8141B18E1240054E024 /* PBXTargetDependency */,
			);
			name = CoreImage01Tests;
			productName = CoreImage01Tests;
			productReference = F07DE8121B18E1240054E024 /* CoreImage01Tests.xctest */;
			productType = "com.apple.product-type.bundle.unit-test";
		};
/* End PBXNativeTarget section */

/* Begin PBXProject section */
		F07DE7F51B18E1230054E024 /* Project object */ = {
			isa = PBXProject;
			attributes = {
				LastUpgradeCheck = 0630;
				ORGANIZATIONNAME = "Todd Fleeman";
				TargetAttributes = {
					F07DE7FC1B18E1230054E024 = {
						CreatedOnToolsVersion = 6.3.2;
					};
					F07DE8111B18E1240054E024 = {
						CreatedOnToolsVersion = 6.3.2;
						TestTargetID = F07DE7FC1B18E1230054E024;
					};
				};
			};
			buildConfigurationList = F07DE7F81B18E1230054E024 /* Build configuration list for PBXProject "CoreImage01" */;
			compatibilityVersion = "Xcode 3.2";
			developmentRegion = English;
			hasScannedForEncodings = 0;
			knownRegions = (
				en,
				Base,
			);
			mainGroup = F07DE7F41B18E1230054E024;
			productRefGroup = F07DE7FE1B18E1230054E024 /* Products */;
			projectDirPath = "";
			projectRoot = "";
			targets = (
				F07DE7FC1B18E1230054E024 /* CoreImage01 */,
				F07DE8111B18E1240054E024 /* CoreImage01Tests */,
			);
		};
/* End PBXProject section */

/* Begin PBXResourcesBuildPhase section */
		F07DE7FB1B18E1230054E024 /* Resources */ = {
			isa = PBXResourcesBuildPhase;
			buildActionMask = 2147483647;
			files = (
				F07DE8081B18E1230054E024 /* Main.storyboard in Resources */,
				F07DE80D1B18E1230054E024 /* LaunchScreen.xib in Resources */,
				F07DE80A1B18E1230054E024 /* Images.xcassets in Resources */,
			);
			runOnlyForDeploymentPostprocessing = 0;
		};
		F07DE8101B18E1240054E024 /* Resources */ = {
			isa = PBXResourcesBuildPhase;
			buildActionMask = 2147483647;
			files = (
			);
			runOnlyForDeploymentPostprocessing = 0;
		};
/* End PBXResourcesBuildPhase section */

/* Begin PBXSourcesBuildPhase section */
		F07DE7F91B18E1230054E024 /* Sources */ = {
			isa = PBXSourcesBuildPhase;
			buildActionMask = 2147483647;
			files = (
				F07DE8051B18E1230054E024 /* ViewController.swift in Sources */,
				F07DE8031B18E1230054E024 /* AppDelegate.swift in Sources */,
			);
			runOnlyForDeploymentPostprocessing = 0;
		};
		F07DE80E1B18E1240054E024 /* Sources */ = {
			isa = PBXSourcesBuildPhase;
			buildActionMask = 2147483647;
			files = (
				F07DE8191B18E1240054E024 /* CoreImage01Tests.swift in Sources */,
			);
			runOnlyForDeploymentPostprocessing = 0;
		};
/* End PBXSourcesBuildPhase section */

/* Begin PBXTargetDependency section */
		F07DE8141B18E1240054E024 /* PBXTargetDependency */ = {
			isa = PBXTargetDependency;
			target = F07DE7FC1B18E1230054E024 /* CoreImage01 */;
			targetProxy = F07DE8131B18E1240054E024 /* PBXContainerItemProxy */;
		};
/* End PBXTargetDependency section */

/* Begin PBXVariantGroup section */
		F07DE8061B18E1230054E024 /* Main.storyboard */ = {
			isa = PBXVariantGroup;
			children = (
				F07DE8071B18E1230054E024 /* Base */,
			);
			name = Main.storyboard;
			sourceTree = "<group>";
		};
		F07DE80B1B18E1230054E024 /* LaunchScreen.xib */ = {
			isa = PBXVariantGroup;
			children = (
				F07DE80C1B18E1230054E024 /* Base */,
			);
			name = LaunchScreen.xib;
			sourceTree = "<group>";
		};
/* End PBXVariantGroup section */

/* Begin XCBuildConfiguration section */
		F07DE81A1B18E1240054E024 /* Debug */ = {
			isa = XCBuildConfiguration;
			buildSettings = {
				ALWAYS_SEARCH_USER_PATHS = NO;
				CLANG_CXX_LANGUAGE_STANDARD = "gnu++0x";
				CLANG_CXX_LIBRARY = "libc++";
				CLANG_ENABLE_MODULES = YES;
				CLANG_ENABLE_OBJC_ARC = YES;
				CLANG_WARN_BOOL_CONVERSION = YES;
				CLANG_WARN_CONSTANT_CONVERSION = YES;
				CLANG_WARN_DIRECT_OBJC_ISA_USAGE = YES_ERROR;
				CLANG_WARN_EMPTY_BODY = YES;
				CLANG_WARN_ENUM_CONVERSION = YES;
				CLANG_WARN_INT_CONVERSION = YES;
				CLANG_WARN_OBJC_ROOT_CLASS = YES_ERROR;
				CLANG_WARN_UNREACHABLE_CODE = YES;
				CLANG_WARN__DUPLICATE_METHOD_MATCH = YES;
				"CODE_SIGN_IDENTITY[sdk=iphoneos*]" = "iPhone Developer";
				COPY_PHASE_STRIP = NO;
				DEBUG_INFORMATION_FORMAT = "dwarf-with-dsym";
				ENABLE_STRICT_OBJC_MSGSEND = YES;
				GCC_C_LANGUAGE_STANDARD = gnu99;
				GCC_DYNAMIC_NO_PIC = NO;
				GCC_NO_COMMON_BLOCKS = YES;
				GCC_OPTIMIZATION_LEVEL = 0;
				GCC_PREPROCESSOR_DEFINITIONS = (
					"DEBUG=1",
					"$(inherited)",
				);
				GCC_SYMBOLS_PRIVATE_EXTERN = NO;
				GCC_WARN_64_TO_32_BIT_CONVERSION = YES;
				GCC_WARN_ABOUT_RETURN_TYPE = YES_ERROR;
				GCC_WARN_UNDECLARED_SELECTOR = YES;
				GCC_WARN_UNINITIALIZED_AUTOS = YES_AGGRESSIVE;
				GCC_WARN_UNUSED_FUNCTION = YES;
				GCC_WARN_UNUSED_VARIABLE = YES;
				IPHONEOS_DEPLOYMENT_TARGET = 8.3;
				MTL_ENABLE_DEBUG_INFO = YES;
				ONLY_ACTIVE_ARCH = YES;
				SDKROOT = iphoneos;
				SWIFT_OPTIMIZATION_LEVEL = "-Onone";
			};
			name = Debug;
		};
		F07DE81B1B18E1240054E024 /* Release */ = {
			isa = XCBuildConfiguration;
			buildSettings = {
				ALWAYS_SEARCH_USER_PATHS = NO;
				CLANG_CXX_LANGUAGE_STANDARD = "gnu++0x";
				CLANG_CXX_LIBRARY = "libc++";
				CLANG_ENABLE_MODULES = YES;
				CLANG_ENABLE_OBJC_ARC = YES;
				CLANG_WARN_BOOL_CONVERSION = YES;
				CLANG_WARN_CONSTANT_CONVERSION = YES;
				CLANG_WARN_DIRECT_OBJC_ISA_USAGE = YES_ERROR;
				CLANG_WARN_EMPTY_BODY = YES;
				CLANG_WARN_ENUM_CONVERSION = YES;
				CLANG_WARN_INT_CONVERSION = YES;
				CLANG_WARN_OBJC_ROOT_CLASS = YES_ERROR;
				CLANG_WARN_UNREACHABLE_CODE = YES;
				CLANG_WARN__DUPLICATE_METHOD_MATCH = YES;
				"CODE_SIGN_IDENTITY[sdk=iphoneos*]" = "iPhone Developer";
				COPY_PHASE_STRIP = NO;
				DEBUG_INFORMATION_FORMAT = "dwarf-with-dsym";
				ENABLE_NS_ASSERTIONS = NO;
				ENABLE_STRICT_OBJC_MSGSEND = YES;
				GCC_C_LANGUAGE_STANDARD = gnu99;
				GCC_NO_COMMON_BLOCKS = YES;
				GCC_WARN_64_TO_32_BIT_CONVERSION = YES;
				GCC_WARN_ABOUT_RETURN_TYPE = YES_ERROR;
				GCC_WARN_UNDECLARED_SELECTOR = YES;
				GCC_WARN_UNINITIALIZED_AUTOS = YES_AGGRESSIVE;
				GCC_WARN_UNUSED_FUNCTION = YES;
				GCC_WARN_UNUSED_VARIABLE = YES;
				IPHONEOS_DEPLOYMENT_TARGET = 8.3;
				MTL_ENABLE_DEBUG_INFO = NO;
				SDKROOT = iphoneos;
				VALIDATE_PRODUCT = YES;
			};
			name = Release;
		};
		F07DE81D1B18E1240054E024 /* Debug */ = {
			isa = XCBuildConfiguration;
			buildSettings = {
				ASSETCATALOG_COMPILER_APPICON_NAME = AppIcon;
				INFOPLIST_FILE = CoreImage01/Info.plist;
				LD_RUNPATH_SEARCH_PATHS = "$(inherited) @executable_path/Frameworks";
				PRODUCT_NAME = "$(TARGET_NAME)";
			};
			name = Debug;
		};
		F07DE81E1B18E1240054E024 /* Release */ = {
			isa = XCBuildConfiguration;
			buildSettings = {
				ASSETCATALOG_COMPILER_APPICON_NAME = AppIcon;
				INFOPLIST_FILE = CoreImage01/Info.plist;
				LD_RUNPATH_SEARCH_PATHS = "$(inherited) @executable_path/Frameworks";
				PRODUCT_NAME = "$(TARGET_NAME)";
			};
			name = Release;
		};
		F07DE8201B18E1240054E024 /* Debug */ = {
			isa = XCBuildConfiguration;
			buildSettings = {
				BUNDLE_LOADER = "$(TEST_HOST)";
				FRAMEWORK_SEARCH_PATHS = (
					"$(SDKROOT)/Developer/Library/Frameworks",
					"$(inherited)",
				);
				GCC_PREPROCESSOR_DEFINITIONS = (
					"DEBUG=1",
					"$(inherited)",
				);
				INFOPLIST_FILE = CoreImage01Tests/Info.plist;
				LD_RUNPATH_SEARCH_PATHS = "$(inherited) @executable_path/Frameworks @loader_path/Frameworks";
				PRODUCT_NAME = "$(TARGET_NAME)";
				TEST_HOST = "$(BUILT_PRODUCTS_DIR)/CoreImage01.app/CoreImage01";
			};
			name = Debug;
		};
		F07DE8211B18E1240054E024 /* Release */ = {
			isa = XCBuildConfiguration;
			buildSettings = {
				BUNDLE_LOADER = "$(TEST_HOST)";
				FRAMEWORK_SEARCH_PATHS = (
					"$(SDKROOT)/Developer/Library/Frameworks",
					"$(inherited)",
				);
				INFOPLIST_FILE = CoreImage01Tests/Info.plist;
				LD_RUNPATH_SEARCH_PATHS = "$(inherited) @executable_path/Frameworks @loader_path/Frameworks";
				PRODUCT_NAME = "$(TARGET_NAME)";
				TEST_HOST = "$(BUILT_PRODUCTS_DIR)/CoreImage01.app/CoreImage01";
			};
			name = Release;
		};
/* End XCBuildConfiguration section */

/* Begin XCConfigurationList section */
		F07DE7F81B18E1230054E024 /* Build configuration list for PBXProject "CoreImage01" */ = {
			isa = XCConfigurationList;
			buildConfigurations = (
				F07DE81A1B18E1240054E024 /* Debug */,
				F07DE81B1B18E1240054E024 /* Release */,
			);
			defaultConfigurationIsVisible = 0;
			defaultConfigurationName = Release;
		};
		F07DE81C1B18E1240054E024 /* Build configuration list for PBXNativeTarget "CoreImage01" */ = {
			isa = XCConfigurationList;
			buildConfigurations = (
				F07DE81D1B18E1240054E024 /* Debug */,
				F07DE81E1B18E1240054E024 /* Release */,
			);
			defaultConfigurationIsVisible = 0;
		};
		F07DE81F1B18E1240054E024 /* Build configuration list for PBXNativeTarget "CoreImage01Tests" */ = {
			isa = XCConfigurationList;
			buildConfigurations = (
				F07DE8201B18E1240054E024 /* Debug */,
				F07DE8211B18E1240054E024 /* Release */,
			);
			defaultConfigurationIsVisible = 0;
		};
/* End XCConfigurationList section */
	};
	rootObject = F07DE7F51B18E1230054E024 /* Project object */;
}
