// !$*UTF8*$!
{
	archiveVersion = 1;
	classes = {
	};
	objectVersion = 46;
	objects = {

/* Begin PBXBuildFile section */
		F0471AD91B3C8FDC00B27D27 /* CandyDetailViewController.swift in Sources */ = {isa = PBXBuildFile; fileRef = F0471AD81B3C8FDC00B27D27 /* CandyDetailViewController.swift */; };
		F08872641B3C80C300975020 /* AppDelegate.swift in Sources */ = {isa = PBXBuildFile; fileRef = F08872631B3C80C300975020 /* AppDelegate.swift */; };
		F08872661B3C80C300975020 /* ViewController.swift in Sources */ = {isa = PBXBuildFile; fileRef = F08872651B3C80C300975020 /* ViewController.swift */; };
		F08872691B3C80C300975020 /* Main.storyboard in Resources */ = {isa = PBXBuildFile; fileRef = F08872671B3C80C300975020 /* Main.storyboard */; };
		F088726B1B3C80C300975020 /* Images.xcassets in Resources */ = {isa = PBXBuildFile; fileRef = F088726A1B3C80C300975020 /* Images.xcassets */; };
		F088726E1B3C80C400975020 /* LaunchScreen.xib in Resources */ = {isa = PBXBuildFile; fileRef = F088726C1B3C80C400975020 /* LaunchScreen.xib */; };
		F088727A1B3C80C400975020 /* TableViewReview01Tests.swift in Sources */ = {isa = PBXBuildFile; fileRef = F08872791B3C80C400975020 /* TableViewReview01Tests.swift */; };
		F08872841B3C817700975020 /* Candy.swift in Sources */ = {isa = PBXBuildFile; fileRef = F08872831B3C817700975020 /* Candy.swift */; };
/* End PBXBuildFile section */

/* Begin PBXContainerItemProxy section */
		F08872741B3C80C400975020 /* PBXContainerItemProxy */ = {
			isa = PBXContainerItemProxy;
			containerPortal = F08872561B3C80C300975020 /* Project object */;
			proxyType = 1;
			remoteGlobalIDString = F088725D1B3C80C300975020;
			remoteInfo = TableViewReview01;
		};
/* End PBXContainerItemProxy section */

/* Begin PBXFileReference section */
		F0471AD81B3C8FDC00B27D27 /* CandyDetailViewController.swift */ = {isa = PBXFileReference; fileEncoding = 4; lastKnownFileType = sourcecode.swift; path = CandyDetailViewController.swift; sourceTree = "<group>"; };
		F088725E1B3C80C300975020 /* TableViewReview01.app */ = {isa = PBXFileReference; explicitFileType = wrapper.application; includeInIndex = 0; path = TableViewReview01.app; sourceTree = BUILT_PRODUCTS_DIR; };
		F08872621B3C80C300975020 /* Info.plist */ = {isa = PBXFileReference; lastKnownFileType = text.plist.xml; path = Info.plist; sourceTree = "<group>"; };
		F08872631B3C80C300975020 /* AppDelegate.swift */ = {isa = PBXFileReference; lastKnownFileType = sourcecode.swift; path = AppDelegate.swift; sourceTree = "<group>"; };
		F08872651B3C80C300975020 /* ViewController.swift */ = {isa = PBXFileReference; lastKnownFileType = sourcecode.swift; path = ViewController.swift; sourceTree = "<group>"; };
		F08872681B3C80C300975020 /* Base */ = {isa = PBXFileReference; lastKnownFileType = file.storyboard; name = Base; path = Base.lproj/Main.storyboard; sourceTree = "<group>"; };
		F088726A1B3C80C300975020 /* Images.xcassets */ = {isa = PBXFileReference; lastKnownFileType = folder.assetcatalog; path = Images.xcassets; sourceTree = "<group>"; };
		F088726D1B3C80C400975020 /* Base */ = {isa = PBXFileReference; lastKnownFileType = file.xib; name = Base; path = Base.lproj/LaunchScreen.xib; sourceTree = "<group>"; };
		F08872731B3C80C400975020 /* TableViewReview01Tests.xctest */ = {isa = PBXFileReference; explicitFileType = wrapper.cfbundle; includeInIndex = 0; path = TableViewReview01Tests.xctest; sourceTree = BUILT_PRODUCTS_DIR; };
		F08872781B3C80C400975020 /* Info.plist */ = {isa = PBXFileReference; lastKnownFileType = text.plist.xml; path = Info.plist; sourceTree = "<group>"; };
		F08872791B3C80C400975020 /* TableViewReview01Tests.swift */ = {isa = PBXFileReference; lastKnownFileType = sourcecode.swift; path = TableViewReview01Tests.swift; sourceTree = "<group>"; };
		F08872831B3C817700975020 /* Candy.swift */ = {isa = PBXFileReference; fileEncoding = 4; lastKnownFileType = sourcecode.swift; name = Candy.swift; path = ../Candy.swift; sourceTree = "<group>"; };
/* End PBXFileReference section */

/* Begin PBXFrameworksBuildPhase section */
		F088725B1B3C80C300975020 /* Frameworks */ = {
			isa = PBXFrameworksBuildPhase;
			buildActionMask = 2147483647;
			files = (
			);
			runOnlyForDeploymentPostprocessing = 0;
		};
		F08872701B3C80C400975020 /* Frameworks */ = {
			isa = PBXFrameworksBuildPhase;
			buildActionMask = 2147483647;
			files = (
			);
			runOnlyForDeploymentPostprocessing = 0;
		};
/* End PBXFrameworksBuildPhase section */

/* Begin PBXGroup section */
		F08872551B3C80C300975020 = {
			isa = PBXGroup;
			children = (
				F08872601B3C80C300975020 /* TableViewReview01 */,
				F08872761B3C80C400975020 /* TableViewReview01Tests */,
				F088725F1B3C80C300975020 /* Products */,
			);
			sourceTree = "<group>";
		};
		F088725F1B3C80C300975020 /* Products */ = {
			isa = PBXGroup;
			children = (
				F088725E1B3C80C300975020 /* TableViewReview01.app */,
				F08872731B3C80C400975020 /* TableViewReview01Tests.xctest */,
			);
			name = Products;
			sourceTree = "<group>";
		};
		F08872601B3C80C300975020 /* TableViewReview01 */ = {
			isa = PBXGroup;
			children = (
				F08872831B3C817700975020 /* Candy.swift */,
				F0471AD81B3C8FDC00B27D27 /* CandyDetailViewController.swift */,
				F08872651B3C80C300975020 /* ViewController.swift */,
				F08872671B3C80C300975020 /* Main.storyboard */,
				F08872611B3C80C300975020 /* Supporting Files */,
			);
			path = TableViewReview01;
			sourceTree = "<group>";
		};
		F08872611B3C80C300975020 /* Supporting Files */ = {
			isa = PBXGroup;
			children = (
				F08872631B3C80C300975020 /* AppDelegate.swift */,
				F088726A1B3C80C300975020 /* Images.xcassets */,
				F088726C1B3C80C400975020 /* LaunchScreen.xib */,
				F08872621B3C80C300975020 /* Info.plist */,
			);
			name = "Supporting Files";
			sourceTree = "<group>";
		};
		F08872761B3C80C400975020 /* TableViewReview01Tests */ = {
			isa = PBXGroup;
			children = (
				F08872791B3C80C400975020 /* TableViewReview01Tests.swift */,
				F08872771B3C80C400975020 /* Supporting Files */,
			);
			path = TableViewReview01Tests;
			sourceTree = "<group>";
		};
		F08872771B3C80C400975020 /* Supporting Files */ = {
			isa = PBXGroup;
			children = (
				F08872781B3C80C400975020 /* Info.plist */,
			);
			name = "Supporting Files";
			sourceTree = "<group>";
		};
/* End PBXGroup section */

/* Begin PBXNativeTarget section */
		F088725D1B3C80C300975020 /* TableViewReview01 */ = {
			isa = PBXNativeTarget;
			buildConfigurationList = F088727D1B3C80C400975020 /* Build configuration list for PBXNativeTarget "TableViewReview01" */;
			buildPhases = (
				F088725A1B3C80C300975020 /* Sources */,
				F088725B1B3C80C300975020 /* Frameworks */,
				F088725C1B3C80C300975020 /* Resources */,
			);
			buildRules = (
			);
			dependencies = (
			);
			name = TableViewReview01;
			productName = TableViewReview01;
			productReference = F088725E1B3C80C300975020 /* TableViewReview01.app */;
			productType = "com.apple.product-type.application";
		};
		F08872721B3C80C400975020 /* TableViewReview01Tests */ = {
			isa = PBXNativeTarget;
			buildConfigurationList = F08872801B3C80C400975020 /* Build configuration list for PBXNativeTarget "TableViewReview01Tests" */;
			buildPhases = (
				F088726F1B3C80C400975020 /* Sources */,
				F08872701B3C80C400975020 /* Frameworks */,
				F08872711B3C80C400975020 /* Resources */,
			);
			buildRules = (
			);
			dependencies = (
				F08872751B3C80C400975020 /* PBXTargetDependency */,
			);
			name = TableViewReview01Tests;
			productName = TableViewReview01Tests;
			productReference = F08872731B3C80C400975020 /* TableViewReview01Tests.xctest */;
			productType = "com.apple.product-type.bundle.unit-test";
		};
/* End PBXNativeTarget section */

/* Begin PBXProject section */
		F08872561B3C80C300975020 /* Project object */ = {
			isa = PBXProject;
			attributes = {
				LastUpgradeCheck = 0630;
				ORGANIZATIONNAME = "Todd Fleeman";
				TargetAttributes = {
					F088725D1B3C80C300975020 = {
						CreatedOnToolsVersion = 6.3.2;
					};
					F08872721B3C80C400975020 = {
						CreatedOnToolsVersion = 6.3.2;
						TestTargetID = F088725D1B3C80C300975020;
					};
				};
			};
			buildConfigurationList = F08872591B3C80C300975020 /* Build configuration list for PBXProject "TableViewReview01" */;
			compatibilityVersion = "Xcode 3.2";
			developmentRegion = English;
			hasScannedForEncodings = 0;
			knownRegions = (
				en,
				Base,
			);
			mainGroup = F08872551B3C80C300975020;
			productRefGroup = F088725F1B3C80C300975020 /* Products */;
			projectDirPath = "";
			projectRoot = "";
			targets = (
				F088725D1B3C80C300975020 /* TableViewReview01 */,
				F08872721B3C80C400975020 /* TableViewReview01Tests */,
			);
		};
/* End PBXProject section */

/* Begin PBXResourcesBuildPhase section */
		F088725C1B3C80C300975020 /* Resources */ = {
			isa = PBXResourcesBuildPhase;
			buildActionMask = 2147483647;
			files = (
				F08872691B3C80C300975020 /* Main.storyboard in Resources */,
				F088726E1B3C80C400975020 /* LaunchScreen.xib in Resources */,
				F088726B1B3C80C300975020 /* Images.xcassets in Resources */,
			);
			runOnlyForDeploymentPostprocessing = 0;
		};
		F08872711B3C80C400975020 /* Resources */ = {
			isa = PBXResourcesBuildPhase;
			buildActionMask = 2147483647;
			files = (
			);
			runOnlyForDeploymentPostprocessing = 0;
		};
/* End PBXResourcesBuildPhase section */

/* Begin PBXSourcesBuildPhase section */
		F088725A1B3C80C300975020 /* Sources */ = {
			isa = PBXSourcesBuildPhase;
			buildActionMask = 2147483647;
			files = (
				F08872661B3C80C300975020 /* ViewController.swift in Sources */,
				F08872841B3C817700975020 /* Candy.swift in Sources */,
				F08872641B3C80C300975020 /* AppDelegate.swift in Sources */,
				F0471AD91B3C8FDC00B27D27 /* CandyDetailViewController.swift in Sources */,
			);
			runOnlyForDeploymentPostprocessing = 0;
		};
		F088726F1B3C80C400975020 /* Sources */ = {
			isa = PBXSourcesBuildPhase;
			buildActionMask = 2147483647;
			files = (
				F088727A1B3C80C400975020 /* TableViewReview01Tests.swift in Sources */,
			);
			runOnlyForDeploymentPostprocessing = 0;
		};
/* End PBXSourcesBuildPhase section */

/* Begin PBXTargetDependency section */
		F08872751B3C80C400975020 /* PBXTargetDependency */ = {
			isa = PBXTargetDependency;
			target = F088725D1B3C80C300975020 /* TableViewReview01 */;
			targetProxy = F08872741B3C80C400975020 /* PBXContainerItemProxy */;
		};
/* End PBXTargetDependency section */

/* Begin PBXVariantGroup section */
		F08872671B3C80C300975020 /* Main.storyboard */ = {
			isa = PBXVariantGroup;
			children = (
				F08872681B3C80C300975020 /* Base */,
			);
			name = Main.storyboard;
			sourceTree = "<group>";
		};
		F088726C1B3C80C400975020 /* LaunchScreen.xib */ = {
			isa = PBXVariantGroup;
			children = (
				F088726D1B3C80C400975020 /* Base */,
			);
			name = LaunchScreen.xib;
			sourceTree = "<group>";
		};
/* End PBXVariantGroup section */

/* Begin XCBuildConfiguration section */
		F088727B1B3C80C400975020 /* Debug */ = {
			isa = XCBuildConfiguration;
			buildSettings = {
				ALWAYS_SEARCH_USER_PATHS = NO;
				CLANG_CXX_LANGUAGE_STANDARD = "gnu++0x";
				CLANG_CXX_LIBRARY = "libc++";
				CLANG_ENABLE_MODULES = YES;
				CLANG_ENABLE_OBJC_ARC = YES;
				CLANG_WARN_BOOL_CONVERSION = YES;
				CLANG_WARN_CONSTANT_CONVERSION = YES;
				CLANG_WARN_DIRECT_OBJC_ISA_USAGE = YES_ERROR;
				CLANG_WARN_EMPTY_BODY = YES;
				CLANG_WARN_ENUM_CONVERSION = YES;
				CLANG_WARN_INT_CONVERSION = YES;
				CLANG_WARN_OBJC_ROOT_CLASS = YES_ERROR;
				CLANG_WARN_UNREACHABLE_CODE = YES;
				CLANG_WARN__DUPLICATE_METHOD_MATCH = YES;
				"CODE_SIGN_IDENTITY[sdk=iphoneos*]" = "iPhone Developer";
				COPY_PHASE_STRIP = NO;
				DEBUG_INFORMATION_FORMAT = "dwarf-with-dsym";
				ENABLE_STRICT_OBJC_MSGSEND = YES;
				GCC_C_LANGUAGE_STANDARD = gnu99;
				GCC_DYNAMIC_NO_PIC = NO;
				GCC_NO_COMMON_BLOCKS = YES;
				GCC_OPTIMIZATION_LEVEL = 0;
				GCC_PREPROCESSOR_DEFINITIONS = (
					"DEBUG=1",
					"$(inherited)",
				);
				GCC_SYMBOLS_PRIVATE_EXTERN = NO;
				GCC_WARN_64_TO_32_BIT_CONVERSION = YES;
				GCC_WARN_ABOUT_RETURN_TYPE = YES_ERROR;
				GCC_WARN_UNDECLARED_SELECTOR = YES;
				GCC_WARN_UNINITIALIZED_AUTOS = YES_AGGRESSIVE;
				GCC_WARN_UNUSED_FUNCTION = YES;
				GCC_WARN_UNUSED_VARIABLE = YES;
				IPHONEOS_DEPLOYMENT_TARGET = 8.3;
				MTL_ENABLE_DEBUG_INFO = YES;
				ONLY_ACTIVE_ARCH = YES;
				SDKROOT = iphoneos;
				SWIFT_OPTIMIZATION_LEVEL = "-Onone";
			};
			name = Debug;
		};
		F088727C1B3C80C400975020 /* Release */ = {
			isa = XCBuildConfiguration;
			buildSettings = {
				ALWAYS_SEARCH_USER_PATHS = NO;
				CLANG_CXX_LANGUAGE_STANDARD = "gnu++0x";
				CLANG_CXX_LIBRARY = "libc++";
				CLANG_ENABLE_MODULES = YES;
				CLANG_ENABLE_OBJC_ARC = YES;
				CLANG_WARN_BOOL_CONVERSION = YES;
				CLANG_WARN_CONSTANT_CONVERSION = YES;
				CLANG_WARN_DIRECT_OBJC_ISA_USAGE = YES_ERROR;
				CLANG_WARN_EMPTY_BODY = YES;
				CLANG_WARN_ENUM_CONVERSION = YES;
				CLANG_WARN_INT_CONVERSION = YES;
				CLANG_WARN_OBJC_ROOT_CLASS = YES_ERROR;
				CLANG_WARN_UNREACHABLE_CODE = YES;
				CLANG_WARN__DUPLICATE_METHOD_MATCH = YES;
				"CODE_SIGN_IDENTITY[sdk=iphoneos*]" = "iPhone Developer";
				COPY_PHASE_STRIP = NO;
				DEBUG_INFORMATION_FORMAT = "dwarf-with-dsym";
				ENABLE_NS_ASSERTIONS = NO;
				ENABLE_STRICT_OBJC_MSGSEND = YES;
				GCC_C_LANGUAGE_STANDARD = gnu99;
				GCC_NO_COMMON_BLOCKS = YES;
				GCC_WARN_64_TO_32_BIT_CONVERSION = YES;
				GCC_WARN_ABOUT_RETURN_TYPE = YES_ERROR;
				GCC_WARN_UNDECLARED_SELECTOR = YES;
				GCC_WARN_UNINITIALIZED_AUTOS = YES_AGGRESSIVE;
				GCC_WARN_UNUSED_FUNCTION = YES;
				GCC_WARN_UNUSED_VARIABLE = YES;
				IPHONEOS_DEPLOYMENT_TARGET = 8.3;
				MTL_ENABLE_DEBUG_INFO = NO;
				SDKROOT = iphoneos;
				VALIDATE_PRODUCT = YES;
			};
			name = Release;
		};
		F088727E1B3C80C400975020 /* Debug */ = {
			isa = XCBuildConfiguration;
			buildSettings = {
				ASSETCATALOG_COMPILER_APPICON_NAME = AppIcon;
				INFOPLIST_FILE = TableViewReview01/Info.plist;
				LD_RUNPATH_SEARCH_PATHS = "$(inherited) @executable_path/Frameworks";
				PRODUCT_NAME = "$(TARGET_NAME)";
			};
			name = Debug;
		};
		F088727F1B3C80C400975020 /* Release */ = {
			isa = XCBuildConfiguration;
			buildSettings = {
				ASSETCATALOG_COMPILER_APPICON_NAME = AppIcon;
				INFOPLIST_FILE = TableViewReview01/Info.plist;
				LD_RUNPATH_SEARCH_PATHS = "$(inherited) @executable_path/Frameworks";
				PRODUCT_NAME = "$(TARGET_NAME)";
			};
			name = Release;
		};
		F08872811B3C80C400975020 /* Debug */ = {
			isa = XCBuildConfiguration;
			buildSettings = {
				BUNDLE_LOADER = "$(TEST_HOST)";
				FRAMEWORK_SEARCH_PATHS = (
					"$(SDKROOT)/Developer/Library/Frameworks",
					"$(inherited)",
				);
				GCC_PREPROCESSOR_DEFINITIONS = (
					"DEBUG=1",
					"$(inherited)",
				);
				INFOPLIST_FILE = TableViewReview01Tests/Info.plist;
				LD_RUNPATH_SEARCH_PATHS = "$(inherited) @executable_path/Frameworks @loader_path/Frameworks";
				PRODUCT_NAME = "$(TARGET_NAME)";
				TEST_HOST = "$(BUILT_PRODUCTS_DIR)/TableViewReview01.app/TableViewReview01";
			};
			name = Debug;
		};
		F08872821B3C80C400975020 /* Release */ = {
			isa = XCBuildConfiguration;
			buildSettings = {
				BUNDLE_LOADER = "$(TEST_HOST)";
				FRAMEWORK_SEARCH_PATHS = (
					"$(SDKROOT)/Developer/Library/Frameworks",
					"$(inherited)",
				);
				INFOPLIST_FILE = TableViewReview01Tests/Info.plist;
				LD_RUNPATH_SEARCH_PATHS = "$(inherited) @executable_path/Frameworks @loader_path/Frameworks";
				PRODUCT_NAME = "$(TARGET_NAME)";
				TEST_HOST = "$(BUILT_PRODUCTS_DIR)/TableViewReview01.app/TableViewReview01";
			};
			name = Release;
		};
/* End XCBuildConfiguration section */

/* Begin XCConfigurationList section */
		F08872591B3C80C300975020 /* Build configuration list for PBXProject "TableViewReview01" */ = {
			isa = XCConfigurationList;
			buildConfigurations = (
				F088727B1B3C80C400975020 /* Debug */,
				F088727C1B3C80C400975020 /* Release */,
			);
			defaultConfigurationIsVisible = 0;
			defaultConfigurationName = Release;
		};
		F088727D1B3C80C400975020 /* Build configuration list for PBXNativeTarget "TableViewReview01" */ = {
			isa = XCConfigurationList;
			buildConfigurations = (
				F088727E1B3C80C400975020 /* Debug */,
				F088727F1B3C80C400975020 /* Release */,
			);
			defaultConfigurationIsVisible = 0;
			defaultConfigurationName = Release;
		};
		F08872801B3C80C400975020 /* Build configuration list for PBXNativeTarget "TableViewReview01Tests" */ = {
			isa = XCConfigurationList;
			buildConfigurations = (
				F08872811B3C80C400975020 /* Debug */,
				F08872821B3C80C400975020 /* Release */,
			);
			defaultConfigurationIsVisible = 0;
			defaultConfigurationName = Release;
		};
/* End XCConfigurationList section */
	};
	rootObject = F08872561B3C80C300975020 /* Project object */;
}
