// !$*UTF8*$!
{
	archiveVersion = 1;
	classes = {
	};
	objectVersion = 46;
	objects = {

/* Begin PBXBuildFile section */
		F015BBE11AD5CCA30044F118 /* main.c in Sources */ = {isa = PBXBuildFile; fileRef = F015BBE01AD5CCA30044F118 /* main.c */; };
/* End PBXBuildFile section */

/* Begin PBXCopyFilesBuildPhase section */
		F015BBDB1AD5CCA30044F118 /* CopyFiles */ = {
			isa = PBXCopyFilesBuildPhase;
			buildActionMask = 2147483647;
			dstPath = /usr/share/man/man1/;
			dstSubfolderSpec = 0;
			files = (
			);
			runOnlyForDeploymentPostprocessing = 1;
		};
/* End PBXCopyFilesBuildPhase section */

/* Begin PBXFileReference section */
		F015BBDD1AD5CCA30044F118 /* Addresses */ = {isa = PBXFileReference; explicitFileType = "compiled.mach-o.executable"; includeInIndex = 0; path = Addresses; sourceTree = BUILT_PRODUCTS_DIR; };
		F015BBE01AD5CCA30044F118 /* main.c */ = {isa = PBXFileReference; lastKnownFileType = sourcecode.c.c; path = main.c; sourceTree = "<group>"; };
/* End PBXFileReference section */

/* Begin PBXFrameworksBuildPhase section */
		F015BBDA1AD5CCA30044F118 /* Frameworks */ = {
			isa = PBXFrameworksBuildPhase;
			buildActionMask = 2147483647;
			files = (
			);
			runOnlyForDeploymentPostprocessing = 0;
		};
/* End PBXFrameworksBuildPhase section */

/* Begin PBXGroup section */
		F015BBD41AD5CCA30044F118 = {
			isa = PBXGroup;
			children = (
				F015BBDF1AD5CCA30044F118 /* Addresses */,
				F015BBDE1AD5CCA30044F118 /* Products */,
			);
			sourceTree = "<group>";
		};
		F015BBDE1AD5CCA30044F118 /* Products */ = {
			isa = PBXGroup;
			children = (
				F015BBDD1AD5CCA30044F118 /* Addresses */,
			);
			name = Products;
			sourceTree = "<group>";
		};
		F015BBDF1AD5CCA30044F118 /* Addresses */ = {
			isa = PBXGroup;
			children = (
				F015BBE01AD5CCA30044F118 /* main.c */,
			);
			path = Addresses;
			sourceTree = "<group>";
		};
/* End PBXGroup section */

/* Begin PBXNativeTarget section */
		F015BBDC1AD5CCA30044F118 /* Addresses */ = {
			isa = PBXNativeTarget;
			buildConfigurationList = F015BBE41AD5CCA30044F118 /* Build configuration list for PBXNativeTarget "Addresses" */;
			buildPhases = (
				F015BBD91AD5CCA30044F118 /* Sources */,
				F015BBDA1AD5CCA30044F118 /* Frameworks */,
				F015BBDB1AD5CCA30044F118 /* CopyFiles */,
			);
			buildRules = (
			);
			dependencies = (
			);
			name = Addresses;
			productName = Addresses;
			productReference = F015BBDD1AD5CCA30044F118 /* Addresses */;
			productType = "com.apple.product-type.tool";
		};
/* End PBXNativeTarget section */

/* Begin PBXProject section */
		F015BBD51AD5CCA30044F118 /* Project object */ = {
			isa = PBXProject;
			attributes = {
				LastUpgradeCheck = 0620;
				ORGANIZATIONNAME = "Todd Fleeman";
				TargetAttributes = {
					F015BBDC1AD5CCA30044F118 = {
						CreatedOnToolsVersion = 6.2;
					};
				};
			};
			buildConfigurationList = F015BBD81AD5CCA30044F118 /* Build configuration list for PBXProject "Addresses" */;
			compatibilityVersion = "Xcode 3.2";
			developmentRegion = English;
			hasScannedForEncodings = 0;
			knownRegions = (
				en,
			);
			mainGroup = F015BBD41AD5CCA30044F118;
			productRefGroup = F015BBDE1AD5CCA30044F118 /* Products */;
			projectDirPath = "";
			projectRoot = "";
			targets = (
				F015BBDC1AD5CCA30044F118 /* Addresses */,
			);
		};
/* End PBXProject section */

/* Begin PBXSourcesBuildPhase section */
		F015BBD91AD5CCA30044F118 /* Sources */ = {
			isa = PBXSourcesBuildPhase;
			buildActionMask = 2147483647;
			files = (
				F015BBE11AD5CCA30044F118 /* main.c in Sources */,
			);
			runOnlyForDeploymentPostprocessing = 0;
		};
/* End PBXSourcesBuildPhase section */

/* Begin XCBuildConfiguration section */
		F015BBE21AD5CCA30044F118 /* Debug */ = {
			isa = XCBuildConfiguration;
			buildSettings = {
				ALWAYS_SEARCH_USER_PATHS = NO;
				CLANG_CXX_LANGUAGE_STANDARD = "gnu++0x";
				CLANG_CXX_LIBRARY = "libc++";
				CLANG_ENABLE_MODULES = YES;
				CLANG_ENABLE_OBJC_ARC = YES;
				CLANG_WARN_BOOL_CONVERSION = YES;
				CLANG_WARN_CONSTANT_CONVERSION = YES;
				CLANG_WARN_DIRECT_OBJC_ISA_USAGE = YES_ERROR;
				CLANG_WARN_EMPTY_BODY = YES;
				CLANG_WARN_ENUM_CONVERSION = YES;
				CLANG_WARN_INT_CONVERSION = YES;
				CLANG_WARN_OBJC_ROOT_CLASS = YES_ERROR;
				CLANG_WARN_UNREACHABLE_CODE = YES;
				CLANG_WARN__DUPLICATE_METHOD_MATCH = YES;
				COPY_PHASE_STRIP = NO;
				ENABLE_STRICT_OBJC_MSGSEND = YES;
				GCC_C_LANGUAGE_STANDARD = gnu99;
				GCC_DYNAMIC_NO_PIC = NO;
				GCC_OPTIMIZATION_LEVEL = 0;
				GCC_PREPROCESSOR_DEFINITIONS = (
					"DEBUG=1",
					"$(inherited)",
				);
				GCC_SYMBOLS_PRIVATE_EXTERN = NO;
				GCC_WARN_64_TO_32_BIT_CONVERSION = YES;
				GCC_WARN_ABOUT_RETURN_TYPE = YES_ERROR;
				GCC_WARN_UNDECLARED_SELECTOR = YES;
				GCC_WARN_UNINITIALIZED_AUTOS = YES_AGGRESSIVE;
				GCC_WARN_UNUSED_FUNCTION = YES;
				GCC_WARN_UNUSED_VARIABLE = YES;
				MACOSX_DEPLOYMENT_TARGET = 10.10;
				MTL_ENABLE_DEBUG_INFO = YES;
				ONLY_ACTIVE_ARCH = YES;
				SDKROOT = macosx;
			};
			name = Debug;
		};
		F015BBE31AD5CCA30044F118 /* Release */ = {
			isa = XCBuildConfiguration;
			buildSettings = {
				ALWAYS_SEARCH_USER_PATHS = NO;
				CLANG_CXX_LANGUAGE_STANDARD = "gnu++0x";
				CLANG_CXX_LIBRARY = "libc++";
				CLANG_ENABLE_MODULES = YES;
				CLANG_ENABLE_OBJC_ARC = YES;
				CLANG_WARN_BOOL_CONVERSION = YES;
				CLANG_WARN_CONSTANT_CONVERSION = YES;
				CLANG_WARN_DIRECT_OBJC_ISA_USAGE = YES_ERROR;
				CLANG_WARN_EMPTY_BODY = YES;
				CLANG_WARN_ENUM_CONVERSION = YES;
				CLANG_WARN_INT_CONVERSION = YES;
				CLANG_WARN_OBJC_ROOT_CLASS = YES_ERROR;
				CLANG_WARN_UNREACHABLE_CODE = YES;
				CLANG_WARN__DUPLICATE_METHOD_MATCH = YES;
				COPY_PHASE_STRIP = NO;
				DEBUG_INFORMATION_FORMAT = "dwarf-with-dsym";
				ENABLE_NS_ASSERTIONS = NO;
				ENABLE_STRICT_OBJC_MSGSEND = YES;
				GCC_C_LANGUAGE_STANDARD = gnu99;
				GCC_WARN_64_TO_32_BIT_CONVERSION = YES;
				GCC_WARN_ABOUT_RETURN_TYPE = YES_ERROR;
				GCC_WARN_UNDECLARED_SELECTOR = YES;
				GCC_WARN_UNINITIALIZED_AUTOS = YES_AGGRESSIVE;
				GCC_WARN_UNUSED_FUNCTION = YES;
				GCC_WARN_UNUSED_VARIABLE = YES;
				MACOSX_DEPLOYMENT_TARGET = 10.10;
				MTL_ENABLE_DEBUG_INFO = NO;
				SDKROOT = macosx;
			};
			name = Release;
		};
		F015BBE51AD5CCA30044F118 /* Debug */ = {
			isa = XCBuildConfiguration;
			buildSettings = {
				PRODUCT_NAME = "$(TARGET_NAME)";
			};
			name = Debug;
		};
		F015BBE61AD5CCA30044F118 /* Release */ = {
			isa = XCBuildConfiguration;
			buildSettings = {
				PRODUCT_NAME = "$(TARGET_NAME)";
			};
			name = Release;
		};
/* End XCBuildConfiguration section */

/* Begin XCConfigurationList section */
		F015BBD81AD5CCA30044F118 /* Build configuration list for PBXProject "Addresses" */ = {
			isa = XCConfigurationList;
			buildConfigurations = (
				F015BBE21AD5CCA30044F118 /* Debug */,
				F015BBE31AD5CCA30044F118 /* Release */,
			);
			defaultConfigurationIsVisible = 0;
			defaultConfigurationName = Release;
		};
		F015BBE41AD5CCA30044F118 /* Build configuration list for PBXNativeTarget "Addresses" */ = {
			isa = XCConfigurationList;
			buildConfigurations = (
				F015BBE51AD5CCA30044F118 /* Debug */,
				F015BBE61AD5CCA30044F118 /* Release */,
			);
			defaultConfigurationIsVisible = 0;
		};
/* End XCConfigurationList section */
	};
	rootObject = F015BBD51AD5CCA30044F118 /* Project object */;
}
