// !$*UTF8*$!
{
	archiveVersion = 1;
	classes = {
	};
	objectVersion = 48;
	objects = {

/* Begin PBXBuildFile section */
		00A6D1FC202BB5440015AADF /* StoryCell.swift in Sources */ = {isa = PBXBuildFile; fileRef = 00A6D1FB202BB5440015AADF /* StoryCell.swift */; };
		00A6D1FF202BB6760015AADF /* MenuBar.swift in Sources */ = {isa = PBXBuildFile; fileRef = 00A6D1FE202BB6760015AADF /* MenuBar.swift */; };
		75C3E610202AAAB400826B81 /* Helpers.swift in Sources */ = {isa = PBXBuildFile; fileRef = 75C3E60F202AAAB400826B81 /* Helpers.swift */; };
		75DE228C20159DB3008CD34F /* AppDelegate.swift in Sources */ = {isa = PBXBuildFile; fileRef = 75DE228B20159DB3008CD34F /* AppDelegate.swift */; };
		75DE228E20159DB3008CD34F /* HomeController.swift in Sources */ = {isa = PBXBuildFile; fileRef = 75DE228D20159DB3008CD34F /* HomeController.swift */; };
		75DE229320159DB3008CD34F /* Assets.xcassets in Resources */ = {isa = PBXBuildFile; fileRef = 75DE229220159DB3008CD34F /* Assets.xcassets */; };
		75DE229620159DB3008CD34F /* LaunchScreen.storyboard in Resources */ = {isa = PBXBuildFile; fileRef = 75DE229420159DB3008CD34F /* LaunchScreen.storyboard */; };
/* End PBXBuildFile section */

/* Begin PBXFileReference section */
		00A6D1FB202BB5440015AADF /* StoryCell.swift */ = {isa = PBXFileReference; lastKnownFileType = sourcecode.swift; path = StoryCell.swift; sourceTree = "<group>"; };
		00A6D1FE202BB6760015AADF /* MenuBar.swift */ = {isa = PBXFileReference; lastKnownFileType = sourcecode.swift; path = MenuBar.swift; sourceTree = "<group>"; };
		75C3E60F202AAAB400826B81 /* Helpers.swift */ = {isa = PBXFileReference; lastKnownFileType = sourcecode.swift; path = Helpers.swift; sourceTree = "<group>"; };
		75DE228820159DB3008CD34F /* Starter01.app */ = {isa = PBXFileReference; explicitFileType = wrapper.application; includeInIndex = 0; path = Starter01.app; sourceTree = BUILT_PRODUCTS_DIR; };
		75DE228B20159DB3008CD34F /* AppDelegate.swift */ = {isa = PBXFileReference; lastKnownFileType = sourcecode.swift; path = AppDelegate.swift; sourceTree = "<group>"; };
		75DE228D20159DB3008CD34F /* HomeController.swift */ = {isa = PBXFileReference; lastKnownFileType = sourcecode.swift; path = HomeController.swift; sourceTree = "<group>"; };
		75DE229220159DB3008CD34F /* Assets.xcassets */ = {isa = PBXFileReference; lastKnownFileType = folder.assetcatalog; path = Assets.xcassets; sourceTree = "<group>"; };
		75DE229520159DB3008CD34F /* Base */ = {isa = PBXFileReference; lastKnownFileType = file.storyboard; name = Base; path = Base.lproj/LaunchScreen.storyboard; sourceTree = "<group>"; };
		75DE229720159DB3008CD34F /* Info.plist */ = {isa = PBXFileReference; lastKnownFileType = text.plist.xml; path = Info.plist; sourceTree = "<group>"; };
/* End PBXFileReference section */

/* Begin PBXFrameworksBuildPhase section */
		75DE228520159DB3008CD34F /* Frameworks */ = {
			isa = PBXFrameworksBuildPhase;
			buildActionMask = 2147483647;
			files = (
			);
			runOnlyForDeploymentPostprocessing = 0;
		};
/* End PBXFrameworksBuildPhase section */

/* Begin PBXGroup section */
		00A6D1FA202BB4FC0015AADF /* Views */ = {
			isa = PBXGroup;
			children = (
				00A6D1FB202BB5440015AADF /* StoryCell.swift */,
				00A6D1FE202BB6760015AADF /* MenuBar.swift */,
			);
			path = Views;
			sourceTree = "<group>";
		};
		00A6D1FD202BB56E0015AADF /* Controllers */ = {
			isa = PBXGroup;
			children = (
				75DE228D20159DB3008CD34F /* HomeController.swift */,
			);
			path = Controllers;
			sourceTree = "<group>";
		};
		75C3E60E202AAAA600826B81 /* Extensions */ = {
			isa = PBXGroup;
			children = (
				75C3E60F202AAAB400826B81 /* Helpers.swift */,
			);
			path = Extensions;
			sourceTree = "<group>";
		};
		75DE227F20159DB3008CD34F = {
			isa = PBXGroup;
			children = (
				75DE228A20159DB3008CD34F /* Starter01 */,
				75DE228920159DB3008CD34F /* Products */,
			);
			sourceTree = "<group>";
		};
		75DE228920159DB3008CD34F /* Products */ = {
			isa = PBXGroup;
			children = (
				75DE228820159DB3008CD34F /* Starter01.app */,
			);
			name = Products;
			sourceTree = "<group>";
		};
		75DE228A20159DB3008CD34F /* Starter01 */ = {
			isa = PBXGroup;
			children = (
				00A6D1FA202BB4FC0015AADF /* Views */,
				00A6D1FD202BB56E0015AADF /* Controllers */,
				75C3E60E202AAAA600826B81 /* Extensions */,
				75DE228B20159DB3008CD34F /* AppDelegate.swift */,
				75DE229220159DB3008CD34F /* Assets.xcassets */,
				75DE229420159DB3008CD34F /* LaunchScreen.storyboard */,
				75DE229720159DB3008CD34F /* Info.plist */,
			);
			path = Starter01;
			sourceTree = "<group>";
		};
/* End PBXGroup section */

/* Begin PBXNativeTarget section */
		75DE228720159DB3008CD34F /* Starter01 */ = {
			isa = PBXNativeTarget;
			buildConfigurationList = 75DE229A20159DB3008CD34F /* Build configuration list for PBXNativeTarget "Starter01" */;
			buildPhases = (
				75DE228420159DB3008CD34F /* Sources */,
				75DE228520159DB3008CD34F /* Frameworks */,
				75DE228620159DB3008CD34F /* Resources */,
			);
			buildRules = (
			);
			dependencies = (
			);
			name = Starter01;
			productName = Starter01;
			productReference = 75DE228820159DB3008CD34F /* Starter01.app */;
			productType = "com.apple.product-type.application";
		};
/* End PBXNativeTarget section */

/* Begin PBXProject section */
		75DE228020159DB3008CD34F /* Project object */ = {
			isa = PBXProject;
			attributes = {
				LastSwiftUpdateCheck = 0920;
				LastUpgradeCheck = 0920;
				ORGANIZATIONNAME = "Todd Fleeman";
				TargetAttributes = {
					75DE228720159DB3008CD34F = {
						CreatedOnToolsVersion = 9.2;
						ProvisioningStyle = Automatic;
					};
				};
			};
			buildConfigurationList = 75DE228320159DB3008CD34F /* Build configuration list for PBXProject "Starter01" */;
			compatibilityVersion = "Xcode 8.0";
			developmentRegion = en;
			hasScannedForEncodings = 0;
			knownRegions = (
				en,
				Base,
			);
			mainGroup = 75DE227F20159DB3008CD34F;
			productRefGroup = 75DE228920159DB3008CD34F /* Products */;
			projectDirPath = "";
			projectRoot = "";
			targets = (
				75DE228720159DB3008CD34F /* Starter01 */,
			);
		};
/* End PBXProject section */

/* Begin PBXResourcesBuildPhase section */
		75DE228620159DB3008CD34F /* Resources */ = {
			isa = PBXResourcesBuildPhase;
			buildActionMask = 2147483647;
			files = (
				75DE229620159DB3008CD34F /* LaunchScreen.storyboard in Resources */,
				75DE229320159DB3008CD34F /* Assets.xcassets in Resources */,
			);
			runOnlyForDeploymentPostprocessing = 0;
		};
/* End PBXResourcesBuildPhase section */

/* Begin PBXSourcesBuildPhase section */
		75DE228420159DB3008CD34F /* Sources */ = {
			isa = PBXSourcesBuildPhase;
			buildActionMask = 2147483647;
			files = (
				75DE228E20159DB3008CD34F /* HomeController.swift in Sources */,
				75C3E610202AAAB400826B81 /* Helpers.swift in Sources */,
				75DE228C20159DB3008CD34F /* AppDelegate.swift in Sources */,
				00A6D1FC202BB5440015AADF /* StoryCell.swift in Sources */,
				00A6D1FF202BB6760015AADF /* MenuBar.swift in Sources */,
			);
			runOnlyForDeploymentPostprocessing = 0;
		};
/* End PBXSourcesBuildPhase section */

/* Begin PBXVariantGroup section */
		75DE229420159DB3008CD34F /* LaunchScreen.storyboard */ = {
			isa = PBXVariantGroup;
			children = (
				75DE229520159DB3008CD34F /* Base */,
			);
			name = LaunchScreen.storyboard;
			sourceTree = "<group>";
		};
/* End PBXVariantGroup section */

/* Begin XCBuildConfiguration section */
		75DE229820159DB3008CD34F /* Debug */ = {
			isa = XCBuildConfiguration;
			buildSettings = {
				ALWAYS_SEARCH_USER_PATHS = NO;
				CLANG_ANALYZER_NONNULL = YES;
				CLANG_ANALYZER_NUMBER_OBJECT_CONVERSION = YES_AGGRESSIVE;
				CLANG_CXX_LANGUAGE_STANDARD = "gnu++14";
				CLANG_CXX_LIBRARY = "libc++";
				CLANG_ENABLE_MODULES = YES;
				CLANG_ENABLE_OBJC_ARC = YES;
				CLANG_WARN_BLOCK_CAPTURE_AUTORELEASING = YES;
				CLANG_WARN_BOOL_CONVERSION = YES;
				CLANG_WARN_COMMA = YES;
				CLANG_WARN_CONSTANT_CONVERSION = YES;
				CLANG_WARN_DIRECT_OBJC_ISA_USAGE = YES_ERROR;
				CLANG_WARN_DOCUMENTATION_COMMENTS = YES;
				CLANG_WARN_EMPTY_BODY = YES;
				CLANG_WARN_ENUM_CONVERSION = YES;
				CLANG_WARN_INFINITE_RECURSION = YES;
				CLANG_WARN_INT_CONVERSION = YES;
				CLANG_WARN_NON_LITERAL_NULL_CONVERSION = YES;
				CLANG_WARN_OBJC_LITERAL_CONVERSION = YES;
				CLANG_WARN_OBJC_ROOT_CLASS = YES_ERROR;
				CLANG_WARN_RANGE_LOOP_ANALYSIS = YES;
				CLANG_WARN_STRICT_PROTOTYPES = YES;
				CLANG_WARN_SUSPICIOUS_MOVE = YES;
				CLANG_WARN_UNGUARDED_AVAILABILITY = YES_AGGRESSIVE;
				CLANG_WARN_UNREACHABLE_CODE = YES;
				CLANG_WARN__DUPLICATE_METHOD_MATCH = YES;
				CODE_SIGN_IDENTITY = "iPhone Developer";
				COPY_PHASE_STRIP = NO;
				DEBUG_INFORMATION_FORMAT = dwarf;
				ENABLE_STRICT_OBJC_MSGSEND = YES;
				ENABLE_TESTABILITY = YES;
				GCC_C_LANGUAGE_STANDARD = gnu11;
				GCC_DYNAMIC_NO_PIC = NO;
				GCC_NO_COMMON_BLOCKS = YES;
				GCC_OPTIMIZATION_LEVEL = 0;
				GCC_PREPROCESSOR_DEFINITIONS = (
					"DEBUG=1",
					"$(inherited)",
				);
				GCC_WARN_64_TO_32_BIT_CONVERSION = YES;
				GCC_WARN_ABOUT_RETURN_TYPE = YES_ERROR;
				GCC_WARN_UNDECLARED_SELECTOR = YES;
				GCC_WARN_UNINITIALIZED_AUTOS = YES_AGGRESSIVE;
				GCC_WARN_UNUSED_FUNCTION = YES;
				GCC_WARN_UNUSED_VARIABLE = YES;
				IPHONEOS_DEPLOYMENT_TARGET = 11.2;
				MTL_ENABLE_DEBUG_INFO = YES;
				ONLY_ACTIVE_ARCH = YES;
				SDKROOT = iphoneos;
				SWIFT_ACTIVE_COMPILATION_CONDITIONS = DEBUG;
				SWIFT_OPTIMIZATION_LEVEL = "-Onone";
			};
			name = Debug;
		};
		75DE229920159DB3008CD34F /* Release */ = {
			isa = XCBuildConfiguration;
			buildSettings = {
				ALWAYS_SEARCH_USER_PATHS = NO;
				CLANG_ANALYZER_NONNULL = YES;
				CLANG_ANALYZER_NUMBER_OBJECT_CONVERSION = YES_AGGRESSIVE;
				CLANG_CXX_LANGUAGE_STANDARD = "gnu++14";
				CLANG_CXX_LIBRARY = "libc++";
				CLANG_ENABLE_MODULES = YES;
				CLANG_ENABLE_OBJC_ARC = YES;
				CLANG_WARN_BLOCK_CAPTURE_AUTORELEASING = YES;
				CLANG_WARN_BOOL_CONVERSION = YES;
				CLANG_WARN_COMMA = YES;
				CLANG_WARN_CONSTANT_CONVERSION = YES;
				CLANG_WARN_DIRECT_OBJC_ISA_USAGE = YES_ERROR;
				CLANG_WARN_DOCUMENTATION_COMMENTS = YES;
				CLANG_WARN_EMPTY_BODY = YES;
				CLANG_WARN_ENUM_CONVERSION = YES;
				CLANG_WARN_INFINITE_RECURSION = YES;
				CLANG_WARN_INT_CONVERSION = YES;
				CLANG_WARN_NON_LITERAL_NULL_CONVERSION = YES;
				CLANG_WARN_OBJC_LITERAL_CONVERSION = YES;
				CLANG_WARN_OBJC_ROOT_CLASS = YES_ERROR;
				CLANG_WARN_RANGE_LOOP_ANALYSIS = YES;
				CLANG_WARN_STRICT_PROTOTYPES = YES;
				CLANG_WARN_SUSPICIOUS_MOVE = YES;
				CLANG_WARN_UNGUARDED_AVAILABILITY = YES_AGGRESSIVE;
				CLANG_WARN_UNREACHABLE_CODE = YES;
				CLANG_WARN__DUPLICATE_METHOD_MATCH = YES;
				CODE_SIGN_IDENTITY = "iPhone Developer";
				COPY_PHASE_STRIP = NO;
				DEBUG_INFORMATION_FORMAT = "dwarf-with-dsym";
				ENABLE_NS_ASSERTIONS = NO;
				ENABLE_STRICT_OBJC_MSGSEND = YES;
				GCC_C_LANGUAGE_STANDARD = gnu11;
				GCC_NO_COMMON_BLOCKS = YES;
				GCC_WARN_64_TO_32_BIT_CONVERSION = YES;
				GCC_WARN_ABOUT_RETURN_TYPE = YES_ERROR;
				GCC_WARN_UNDECLARED_SELECTOR = YES;
				GCC_WARN_UNINITIALIZED_AUTOS = YES_AGGRESSIVE;
				GCC_WARN_UNUSED_FUNCTION = YES;
				GCC_WARN_UNUSED_VARIABLE = YES;
				IPHONEOS_DEPLOYMENT_TARGET = 11.2;
				MTL_ENABLE_DEBUG_INFO = NO;
				SDKROOT = iphoneos;
				SWIFT_OPTIMIZATION_LEVEL = "-Owholemodule";
				VALIDATE_PRODUCT = YES;
			};
			name = Release;
		};
		75DE229B20159DB3008CD34F /* Debug */ = {
			isa = XCBuildConfiguration;
			buildSettings = {
				ASSETCATALOG_COMPILER_APPICON_NAME = AppIcon;
				CODE_SIGN_STYLE = Automatic;
				INFOPLIST_FILE = Starter01/Info.plist;
				LD_RUNPATH_SEARCH_PATHS = "$(inherited) @executable_path/Frameworks";
				PRODUCT_BUNDLE_IDENTIFIER = com.rtodd.Starter01;
				PRODUCT_NAME = "$(TARGET_NAME)";
				SWIFT_VERSION = 4.0;
				TARGETED_DEVICE_FAMILY = "1,2";
			};
			name = Debug;
		};
		75DE229C20159DB3008CD34F /* Release */ = {
			isa = XCBuildConfiguration;
			buildSettings = {
				ASSETCATALOG_COMPILER_APPICON_NAME = AppIcon;
				CODE_SIGN_STYLE = Automatic;
				INFOPLIST_FILE = Starter01/Info.plist;
				LD_RUNPATH_SEARCH_PATHS = "$(inherited) @executable_path/Frameworks";
				PRODUCT_BUNDLE_IDENTIFIER = com.rtodd.Starter01;
				PRODUCT_NAME = "$(TARGET_NAME)";
				SWIFT_VERSION = 4.0;
				TARGETED_DEVICE_FAMILY = "1,2";
			};
			name = Release;
		};
/* End XCBuildConfiguration section */

/* Begin XCConfigurationList section */
		75DE228320159DB3008CD34F /* Build configuration list for PBXProject "Starter01" */ = {
			isa = XCConfigurationList;
			buildConfigurations = (
				75DE229820159DB3008CD34F /* Debug */,
				75DE229920159DB3008CD34F /* Release */,
			);
			defaultConfigurationIsVisible = 0;
			defaultConfigurationName = Release;
		};
		75DE229A20159DB3008CD34F /* Build configuration list for PBXNativeTarget "Starter01" */ = {
			isa = XCConfigurationList;
			buildConfigurations = (
				75DE229B20159DB3008CD34F /* Debug */,
				75DE229C20159DB3008CD34F /* Release */,
			);
			defaultConfigurationIsVisible = 0;
			defaultConfigurationName = Release;
		};
/* End XCConfigurationList section */
	};
	rootObject = 75DE228020159DB3008CD34F /* Project object */;
}
