// !$*UTF8*$!
{
	archiveVersion = 1;
	classes = {
	};
	objectVersion = 46;
	objects = {

/* Begin PBXBuildFile section */
		F0D05A301A7002100086D449 /* AppDelegate.swift in Sources */ = {isa = PBXBuildFile; fileRef = F0D05A2F1A7002100086D449 /* AppDelegate.swift */; };
		F0D05A321A7002100086D449 /* ViewController.swift in Sources */ = {isa = PBXBuildFile; fileRef = F0D05A311A7002100086D449 /* ViewController.swift */; };
		F0D05A351A7002100086D449 /* Main.storyboard in Resources */ = {isa = PBXBuildFile; fileRef = F0D05A331A7002100086D449 /* Main.storyboard */; };
		F0D05A371A7002100086D449 /* Images.xcassets in Resources */ = {isa = PBXBuildFile; fileRef = F0D05A361A7002100086D449 /* Images.xcassets */; };
		F0D05A3A1A7002100086D449 /* LaunchScreen.xib in Resources */ = {isa = PBXBuildFile; fileRef = F0D05A381A7002100086D449 /* LaunchScreen.xib */; };
		F0D05A461A7002100086D449 /* SimpleTableThreeTests.swift in Sources */ = {isa = PBXBuildFile; fileRef = F0D05A451A7002100086D449 /* SimpleTableThreeTests.swift */; };
/* End PBXBuildFile section */

/* Begin PBXContainerItemProxy section */
		F0D05A401A7002100086D449 /* PBXContainerItemProxy */ = {
			isa = PBXContainerItemProxy;
			containerPortal = F0D05A221A7002100086D449 /* Project object */;
			proxyType = 1;
			remoteGlobalIDString = F0D05A291A7002100086D449;
			remoteInfo = SimpleTableThree;
		};
/* End PBXContainerItemProxy section */

/* Begin PBXFileReference section */
		F0D05A2A1A7002100086D449 /* SimpleTableThree.app */ = {isa = PBXFileReference; explicitFileType = wrapper.application; includeInIndex = 0; path = SimpleTableThree.app; sourceTree = BUILT_PRODUCTS_DIR; };
		F0D05A2E1A7002100086D449 /* Info.plist */ = {isa = PBXFileReference; lastKnownFileType = text.plist.xml; path = Info.plist; sourceTree = "<group>"; };
		F0D05A2F1A7002100086D449 /* AppDelegate.swift */ = {isa = PBXFileReference; lastKnownFileType = sourcecode.swift; path = AppDelegate.swift; sourceTree = "<group>"; };
		F0D05A311A7002100086D449 /* ViewController.swift */ = {isa = PBXFileReference; lastKnownFileType = sourcecode.swift; path = ViewController.swift; sourceTree = "<group>"; };
		F0D05A341A7002100086D449 /* Base */ = {isa = PBXFileReference; lastKnownFileType = file.storyboard; name = Base; path = Base.lproj/Main.storyboard; sourceTree = "<group>"; };
		F0D05A361A7002100086D449 /* Images.xcassets */ = {isa = PBXFileReference; lastKnownFileType = folder.assetcatalog; path = Images.xcassets; sourceTree = "<group>"; };
		F0D05A391A7002100086D449 /* Base */ = {isa = PBXFileReference; lastKnownFileType = file.xib; name = Base; path = Base.lproj/LaunchScreen.xib; sourceTree = "<group>"; };
		F0D05A3F1A7002100086D449 /* SimpleTableThreeTests.xctest */ = {isa = PBXFileReference; explicitFileType = wrapper.cfbundle; includeInIndex = 0; path = SimpleTableThreeTests.xctest; sourceTree = BUILT_PRODUCTS_DIR; };
		F0D05A441A7002100086D449 /* Info.plist */ = {isa = PBXFileReference; lastKnownFileType = text.plist.xml; path = Info.plist; sourceTree = "<group>"; };
		F0D05A451A7002100086D449 /* SimpleTableThreeTests.swift */ = {isa = PBXFileReference; lastKnownFileType = sourcecode.swift; path = SimpleTableThreeTests.swift; sourceTree = "<group>"; };
/* End PBXFileReference section */

/* Begin PBXFrameworksBuildPhase section */
		F0D05A271A7002100086D449 /* Frameworks */ = {
			isa = PBXFrameworksBuildPhase;
			buildActionMask = 2147483647;
			files = (
			);
			runOnlyForDeploymentPostprocessing = 0;
		};
		F0D05A3C1A7002100086D449 /* Frameworks */ = {
			isa = PBXFrameworksBuildPhase;
			buildActionMask = 2147483647;
			files = (
			);
			runOnlyForDeploymentPostprocessing = 0;
		};
/* End PBXFrameworksBuildPhase section */

/* Begin PBXGroup section */
		F0D05A211A7002100086D449 = {
			isa = PBXGroup;
			children = (
				F0D05A2C1A7002100086D449 /* SimpleTableThree */,
				F0D05A421A7002100086D449 /* SimpleTableThreeTests */,
				F0D05A2B1A7002100086D449 /* Products */,
			);
			sourceTree = "<group>";
		};
		F0D05A2B1A7002100086D449 /* Products */ = {
			isa = PBXGroup;
			children = (
				F0D05A2A1A7002100086D449 /* SimpleTableThree.app */,
				F0D05A3F1A7002100086D449 /* SimpleTableThreeTests.xctest */,
			);
			name = Products;
			sourceTree = "<group>";
		};
		F0D05A2C1A7002100086D449 /* SimpleTableThree */ = {
			isa = PBXGroup;
			children = (
				F0D05A2F1A7002100086D449 /* AppDelegate.swift */,
				F0D05A311A7002100086D449 /* ViewController.swift */,
				F0D05A331A7002100086D449 /* Main.storyboard */,
				F0D05A361A7002100086D449 /* Images.xcassets */,
				F0D05A381A7002100086D449 /* LaunchScreen.xib */,
				F0D05A2D1A7002100086D449 /* Supporting Files */,
			);
			path = SimpleTableThree;
			sourceTree = "<group>";
		};
		F0D05A2D1A7002100086D449 /* Supporting Files */ = {
			isa = PBXGroup;
			children = (
				F0D05A2E1A7002100086D449 /* Info.plist */,
			);
			name = "Supporting Files";
			sourceTree = "<group>";
		};
		F0D05A421A7002100086D449 /* SimpleTableThreeTests */ = {
			isa = PBXGroup;
			children = (
				F0D05A451A7002100086D449 /* SimpleTableThreeTests.swift */,
				F0D05A431A7002100086D449 /* Supporting Files */,
			);
			path = SimpleTableThreeTests;
			sourceTree = "<group>";
		};
		F0D05A431A7002100086D449 /* Supporting Files */ = {
			isa = PBXGroup;
			children = (
				F0D05A441A7002100086D449 /* Info.plist */,
			);
			name = "Supporting Files";
			sourceTree = "<group>";
		};
/* End PBXGroup section */

/* Begin PBXNativeTarget section */
		F0D05A291A7002100086D449 /* SimpleTableThree */ = {
			isa = PBXNativeTarget;
			buildConfigurationList = F0D05A491A7002100086D449 /* Build configuration list for PBXNativeTarget "SimpleTableThree" */;
			buildPhases = (
				F0D05A261A7002100086D449 /* Sources */,
				F0D05A271A7002100086D449 /* Frameworks */,
				F0D05A281A7002100086D449 /* Resources */,
			);
			buildRules = (
			);
			dependencies = (
			);
			name = SimpleTableThree;
			productName = SimpleTableThree;
			productReference = F0D05A2A1A7002100086D449 /* SimpleTableThree.app */;
			productType = "com.apple.product-type.application";
		};
		F0D05A3E1A7002100086D449 /* SimpleTableThreeTests */ = {
			isa = PBXNativeTarget;
			buildConfigurationList = F0D05A4C1A7002100086D449 /* Build configuration list for PBXNativeTarget "SimpleTableThreeTests" */;
			buildPhases = (
				F0D05A3B1A7002100086D449 /* Sources */,
				F0D05A3C1A7002100086D449 /* Frameworks */,
				F0D05A3D1A7002100086D449 /* Resources */,
			);
			buildRules = (
			);
			dependencies = (
				F0D05A411A7002100086D449 /* PBXTargetDependency */,
			);
			name = SimpleTableThreeTests;
			productName = SimpleTableThreeTests;
			productReference = F0D05A3F1A7002100086D449 /* SimpleTableThreeTests.xctest */;
			productType = "com.apple.product-type.bundle.unit-test";
		};
/* End PBXNativeTarget section */

/* Begin PBXProject section */
		F0D05A221A7002100086D449 /* Project object */ = {
			isa = PBXProject;
			attributes = {
				LastUpgradeCheck = 0610;
				ORGANIZATIONNAME = "Todd Fleeman";
				TargetAttributes = {
					F0D05A291A7002100086D449 = {
						CreatedOnToolsVersion = 6.1.1;
					};
					F0D05A3E1A7002100086D449 = {
						CreatedOnToolsVersion = 6.1.1;
						TestTargetID = F0D05A291A7002100086D449;
					};
				};
			};
			buildConfigurationList = F0D05A251A7002100086D449 /* Build configuration list for PBXProject "SimpleTableThree" */;
			compatibilityVersion = "Xcode 3.2";
			developmentRegion = English;
			hasScannedForEncodings = 0;
			knownRegions = (
				en,
				Base,
			);
			mainGroup = F0D05A211A7002100086D449;
			productRefGroup = F0D05A2B1A7002100086D449 /* Products */;
			projectDirPath = "";
			projectRoot = "";
			targets = (
				F0D05A291A7002100086D449 /* SimpleTableThree */,
				F0D05A3E1A7002100086D449 /* SimpleTableThreeTests */,
			);
		};
/* End PBXProject section */

/* Begin PBXResourcesBuildPhase section */
		F0D05A281A7002100086D449 /* Resources */ = {
			isa = PBXResourcesBuildPhase;
			buildActionMask = 2147483647;
			files = (
				F0D05A351A7002100086D449 /* Main.storyboard in Resources */,
				F0D05A3A1A7002100086D449 /* LaunchScreen.xib in Resources */,
				F0D05A371A7002100086D449 /* Images.xcassets in Resources */,
			);
			runOnlyForDeploymentPostprocessing = 0;
		};
		F0D05A3D1A7002100086D449 /* Resources */ = {
			isa = PBXResourcesBuildPhase;
			buildActionMask = 2147483647;
			files = (
			);
			runOnlyForDeploymentPostprocessing = 0;
		};
/* End PBXResourcesBuildPhase section */

/* Begin PBXSourcesBuildPhase section */
		F0D05A261A7002100086D449 /* Sources */ = {
			isa = PBXSourcesBuildPhase;
			buildActionMask = 2147483647;
			files = (
				F0D05A321A7002100086D449 /* ViewController.swift in Sources */,
				F0D05A301A7002100086D449 /* AppDelegate.swift in Sources */,
			);
			runOnlyForDeploymentPostprocessing = 0;
		};
		F0D05A3B1A7002100086D449 /* Sources */ = {
			isa = PBXSourcesBuildPhase;
			buildActionMask = 2147483647;
			files = (
				F0D05A461A7002100086D449 /* SimpleTableThreeTests.swift in Sources */,
			);
			runOnlyForDeploymentPostprocessing = 0;
		};
/* End PBXSourcesBuildPhase section */

/* Begin PBXTargetDependency section */
		F0D05A411A7002100086D449 /* PBXTargetDependency */ = {
			isa = PBXTargetDependency;
			target = F0D05A291A7002100086D449 /* SimpleTableThree */;
			targetProxy = F0D05A401A7002100086D449 /* PBXContainerItemProxy */;
		};
/* End PBXTargetDependency section */

/* Begin PBXVariantGroup section */
		F0D05A331A7002100086D449 /* Main.storyboard */ = {
			isa = PBXVariantGroup;
			children = (
				F0D05A341A7002100086D449 /* Base */,
			);
			name = Main.storyboard;
			sourceTree = "<group>";
		};
		F0D05A381A7002100086D449 /* LaunchScreen.xib */ = {
			isa = PBXVariantGroup;
			children = (
				F0D05A391A7002100086D449 /* Base */,
			);
			name = LaunchScreen.xib;
			sourceTree = "<group>";
		};
/* End PBXVariantGroup section */

/* Begin XCBuildConfiguration section */
		F0D05A471A7002100086D449 /* Debug */ = {
			isa = XCBuildConfiguration;
			buildSettings = {
				ALWAYS_SEARCH_USER_PATHS = NO;
				CLANG_CXX_LANGUAGE_STANDARD = "gnu++0x";
				CLANG_CXX_LIBRARY = "libc++";
				CLANG_ENABLE_MODULES = YES;
				CLANG_ENABLE_OBJC_ARC = YES;
				CLANG_WARN_BOOL_CONVERSION = YES;
				CLANG_WARN_CONSTANT_CONVERSION = YES;
				CLANG_WARN_DIRECT_OBJC_ISA_USAGE = YES_ERROR;
				CLANG_WARN_EMPTY_BODY = YES;
				CLANG_WARN_ENUM_CONVERSION = YES;
				CLANG_WARN_INT_CONVERSION = YES;
				CLANG_WARN_OBJC_ROOT_CLASS = YES_ERROR;
				CLANG_WARN_UNREACHABLE_CODE = YES;
				CLANG_WARN__DUPLICATE_METHOD_MATCH = YES;
				"CODE_SIGN_IDENTITY[sdk=iphoneos*]" = "iPhone Developer";
				COPY_PHASE_STRIP = NO;
				ENABLE_STRICT_OBJC_MSGSEND = YES;
				GCC_C_LANGUAGE_STANDARD = gnu99;
				GCC_DYNAMIC_NO_PIC = NO;
				GCC_OPTIMIZATION_LEVEL = 0;
				GCC_PREPROCESSOR_DEFINITIONS = (
					"DEBUG=1",
					"$(inherited)",
				);
				GCC_SYMBOLS_PRIVATE_EXTERN = NO;
				GCC_WARN_64_TO_32_BIT_CONVERSION = YES;
				GCC_WARN_ABOUT_RETURN_TYPE = YES_ERROR;
				GCC_WARN_UNDECLARED_SELECTOR = YES;
				GCC_WARN_UNINITIALIZED_AUTOS = YES_AGGRESSIVE;
				GCC_WARN_UNUSED_FUNCTION = YES;
				GCC_WARN_UNUSED_VARIABLE = YES;
				IPHONEOS_DEPLOYMENT_TARGET = 8.1;
				MTL_ENABLE_DEBUG_INFO = YES;
				ONLY_ACTIVE_ARCH = YES;
				SDKROOT = iphoneos;
				SWIFT_OPTIMIZATION_LEVEL = "-Onone";
			};
			name = Debug;
		};
		F0D05A481A7002100086D449 /* Release */ = {
			isa = XCBuildConfiguration;
			buildSettings = {
				ALWAYS_SEARCH_USER_PATHS = NO;
				CLANG_CXX_LANGUAGE_STANDARD = "gnu++0x";
				CLANG_CXX_LIBRARY = "libc++";
				CLANG_ENABLE_MODULES = YES;
				CLANG_ENABLE_OBJC_ARC = YES;
				CLANG_WARN_BOOL_CONVERSION = YES;
				CLANG_WARN_CONSTANT_CONVERSION = YES;
				CLANG_WARN_DIRECT_OBJC_ISA_USAGE = YES_ERROR;
				CLANG_WARN_EMPTY_BODY = YES;
				CLANG_WARN_ENUM_CONVERSION = YES;
				CLANG_WARN_INT_CONVERSION = YES;
				CLANG_WARN_OBJC_ROOT_CLASS = YES_ERROR;
				CLANG_WARN_UNREACHABLE_CODE = YES;
				CLANG_WARN__DUPLICATE_METHOD_MATCH = YES;
				"CODE_SIGN_IDENTITY[sdk=iphoneos*]" = "iPhone Developer";
				COPY_PHASE_STRIP = YES;
				ENABLE_NS_ASSERTIONS = NO;
				ENABLE_STRICT_OBJC_MSGSEND = YES;
				GCC_C_LANGUAGE_STANDARD = gnu99;
				GCC_WARN_64_TO_32_BIT_CONVERSION = YES;
				GCC_WARN_ABOUT_RETURN_TYPE = YES_ERROR;
				GCC_WARN_UNDECLARED_SELECTOR = YES;
				GCC_WARN_UNINITIALIZED_AUTOS = YES_AGGRESSIVE;
				GCC_WARN_UNUSED_FUNCTION = YES;
				GCC_WARN_UNUSED_VARIABLE = YES;
				IPHONEOS_DEPLOYMENT_TARGET = 8.1;
				MTL_ENABLE_DEBUG_INFO = NO;
				SDKROOT = iphoneos;
				VALIDATE_PRODUCT = YES;
			};
			name = Release;
		};
		F0D05A4A1A7002100086D449 /* Debug */ = {
			isa = XCBuildConfiguration;
			buildSettings = {
				ASSETCATALOG_COMPILER_APPICON_NAME = AppIcon;
				INFOPLIST_FILE = SimpleTableThree/Info.plist;
				LD_RUNPATH_SEARCH_PATHS = "$(inherited) @executable_path/Frameworks";
				PRODUCT_NAME = "$(TARGET_NAME)";
			};
			name = Debug;
		};
		F0D05A4B1A7002100086D449 /* Release */ = {
			isa = XCBuildConfiguration;
			buildSettings = {
				ASSETCATALOG_COMPILER_APPICON_NAME = AppIcon;
				INFOPLIST_FILE = SimpleTableThree/Info.plist;
				LD_RUNPATH_SEARCH_PATHS = "$(inherited) @executable_path/Frameworks";
				PRODUCT_NAME = "$(TARGET_NAME)";
			};
			name = Release;
		};
		F0D05A4D1A7002100086D449 /* Debug */ = {
			isa = XCBuildConfiguration;
			buildSettings = {
				BUNDLE_LOADER = "$(TEST_HOST)";
				FRAMEWORK_SEARCH_PATHS = (
					"$(SDKROOT)/Developer/Library/Frameworks",
					"$(inherited)",
				);
				GCC_PREPROCESSOR_DEFINITIONS = (
					"DEBUG=1",
					"$(inherited)",
				);
				INFOPLIST_FILE = SimpleTableThreeTests/Info.plist;
				LD_RUNPATH_SEARCH_PATHS = "$(inherited) @executable_path/Frameworks @loader_path/Frameworks";
				PRODUCT_NAME = "$(TARGET_NAME)";
				TEST_HOST = "$(BUILT_PRODUCTS_DIR)/SimpleTableThree.app/SimpleTableThree";
			};
			name = Debug;
		};
		F0D05A4E1A7002100086D449 /* Release */ = {
			isa = XCBuildConfiguration;
			buildSettings = {
				BUNDLE_LOADER = "$(TEST_HOST)";
				FRAMEWORK_SEARCH_PATHS = (
					"$(SDKROOT)/Developer/Library/Frameworks",
					"$(inherited)",
				);
				INFOPLIST_FILE = SimpleTableThreeTests/Info.plist;
				LD_RUNPATH_SEARCH_PATHS = "$(inherited) @executable_path/Frameworks @loader_path/Frameworks";
				PRODUCT_NAME = "$(TARGET_NAME)";
				TEST_HOST = "$(BUILT_PRODUCTS_DIR)/SimpleTableThree.app/SimpleTableThree";
			};
			name = Release;
		};
/* End XCBuildConfiguration section */

/* Begin XCConfigurationList section */
		F0D05A251A7002100086D449 /* Build configuration list for PBXProject "SimpleTableThree" */ = {
			isa = XCConfigurationList;
			buildConfigurations = (
				F0D05A471A7002100086D449 /* Debug */,
				F0D05A481A7002100086D449 /* Release */,
			);
			defaultConfigurationIsVisible = 0;
			defaultConfigurationName = Release;
		};
		F0D05A491A7002100086D449 /* Build configuration list for PBXNativeTarget "SimpleTableThree" */ = {
			isa = XCConfigurationList;
			buildConfigurations = (
				F0D05A4A1A7002100086D449 /* Debug */,
				F0D05A4B1A7002100086D449 /* Release */,
			);
			defaultConfigurationIsVisible = 0;
		};
		F0D05A4C1A7002100086D449 /* Build configuration list for PBXNativeTarget "SimpleTableThreeTests" */ = {
			isa = XCConfigurationList;
			buildConfigurations = (
				F0D05A4D1A7002100086D449 /* Debug */,
				F0D05A4E1A7002100086D449 /* Release */,
			);
			defaultConfigurationIsVisible = 0;
		};
/* End XCConfigurationList section */
	};
	rootObject = F0D05A221A7002100086D449 /* Project object */;
}
