// !$*UTF8*$!
{
	archiveVersion = 1;
	classes = {
	};
	objectVersion = 46;
	objects = {

/* Begin PBXBuildFile section */
		F09F595F1B027BB70012A48B /* VideoGameDetail.swift in Sources */ = {isa = PBXBuildFile; fileRef = F09F595E1B027BB70012A48B /* VideoGameDetail.swift */; };
		F0B343071A729E240066C2CD /* AppDelegate.swift in Sources */ = {isa = PBXBuildFile; fileRef = F0B343061A729E240066C2CD /* AppDelegate.swift */; };
		F0B343091A729E240066C2CD /* ViewController.swift in Sources */ = {isa = PBXBuildFile; fileRef = F0B343081A729E240066C2CD /* ViewController.swift */; };
		F0B3430C1A729E240066C2CD /* Main.storyboard in Resources */ = {isa = PBXBuildFile; fileRef = F0B3430A1A729E240066C2CD /* Main.storyboard */; };
		F0B3430E1A729E240066C2CD /* Images.xcassets in Resources */ = {isa = PBXBuildFile; fileRef = F0B3430D1A729E240066C2CD /* Images.xcassets */; };
		F0B343111A729E240066C2CD /* LaunchScreen.xib in Resources */ = {isa = PBXBuildFile; fileRef = F0B3430F1A729E240066C2CD /* LaunchScreen.xib */; };
		F0B3431D1A729E240066C2CD /* IntermediateTableFourTests.swift in Sources */ = {isa = PBXBuildFile; fileRef = F0B3431C1A729E240066C2CD /* IntermediateTableFourTests.swift */; };
		F0B343271A72A0F20066C2CD /* VideoGame.swift in Sources */ = {isa = PBXBuildFile; fileRef = F0B343261A72A0F20066C2CD /* VideoGame.swift */; };
/* End PBXBuildFile section */

/* Begin PBXContainerItemProxy section */
		F0B343171A729E240066C2CD /* PBXContainerItemProxy */ = {
			isa = PBXContainerItemProxy;
			containerPortal = F0B342F91A729E240066C2CD /* Project object */;
			proxyType = 1;
			remoteGlobalIDString = F0B343001A729E240066C2CD;
			remoteInfo = IntermediateTableFour;
		};
/* End PBXContainerItemProxy section */

/* Begin PBXFileReference section */
		F09F595E1B027BB70012A48B /* VideoGameDetail.swift */ = {isa = PBXFileReference; fileEncoding = 4; lastKnownFileType = sourcecode.swift; path = VideoGameDetail.swift; sourceTree = "<group>"; };
		F0B343011A729E240066C2CD /* IntermediateTableFour.app */ = {isa = PBXFileReference; explicitFileType = wrapper.application; includeInIndex = 0; path = IntermediateTableFour.app; sourceTree = BUILT_PRODUCTS_DIR; };
		F0B343051A729E240066C2CD /* Info.plist */ = {isa = PBXFileReference; lastKnownFileType = text.plist.xml; path = Info.plist; sourceTree = "<group>"; };
		F0B343061A729E240066C2CD /* AppDelegate.swift */ = {isa = PBXFileReference; lastKnownFileType = sourcecode.swift; path = AppDelegate.swift; sourceTree = "<group>"; };
		F0B343081A729E240066C2CD /* ViewController.swift */ = {isa = PBXFileReference; lastKnownFileType = sourcecode.swift; path = ViewController.swift; sourceTree = "<group>"; };
		F0B3430B1A729E240066C2CD /* Base */ = {isa = PBXFileReference; lastKnownFileType = file.storyboard; name = Base; path = Base.lproj/Main.storyboard; sourceTree = "<group>"; };
		F0B3430D1A729E240066C2CD /* Images.xcassets */ = {isa = PBXFileReference; lastKnownFileType = folder.assetcatalog; path = Images.xcassets; sourceTree = "<group>"; };
		F0B343101A729E240066C2CD /* Base */ = {isa = PBXFileReference; lastKnownFileType = file.xib; name = Base; path = Base.lproj/LaunchScreen.xib; sourceTree = "<group>"; };
		F0B343161A729E240066C2CD /* IntermediateTableFourTests.xctest */ = {isa = PBXFileReference; explicitFileType = wrapper.cfbundle; includeInIndex = 0; path = IntermediateTableFourTests.xctest; sourceTree = BUILT_PRODUCTS_DIR; };
		F0B3431B1A729E240066C2CD /* Info.plist */ = {isa = PBXFileReference; lastKnownFileType = text.plist.xml; path = Info.plist; sourceTree = "<group>"; };
		F0B3431C1A729E240066C2CD /* IntermediateTableFourTests.swift */ = {isa = PBXFileReference; lastKnownFileType = sourcecode.swift; path = IntermediateTableFourTests.swift; sourceTree = "<group>"; };
		F0B343261A72A0F20066C2CD /* VideoGame.swift */ = {isa = PBXFileReference; fileEncoding = 4; lastKnownFileType = sourcecode.swift; path = VideoGame.swift; sourceTree = "<group>"; };
/* End PBXFileReference section */

/* Begin PBXFrameworksBuildPhase section */
		F0B342FE1A729E240066C2CD /* Frameworks */ = {
			isa = PBXFrameworksBuildPhase;
			buildActionMask = 2147483647;
			files = (
			);
			runOnlyForDeploymentPostprocessing = 0;
		};
		F0B343131A729E240066C2CD /* Frameworks */ = {
			isa = PBXFrameworksBuildPhase;
			buildActionMask = 2147483647;
			files = (
			);
			runOnlyForDeploymentPostprocessing = 0;
		};
/* End PBXFrameworksBuildPhase section */

/* Begin PBXGroup section */
		F0B342F81A729E240066C2CD = {
			isa = PBXGroup;
			children = (
				F0B343031A729E240066C2CD /* IntermediateTableFour */,
				F0B343191A729E240066C2CD /* IntermediateTableFourTests */,
				F0B343021A729E240066C2CD /* Products */,
			);
			sourceTree = "<group>";
		};
		F0B343021A729E240066C2CD /* Products */ = {
			isa = PBXGroup;
			children = (
				F0B343011A729E240066C2CD /* IntermediateTableFour.app */,
				F0B343161A729E240066C2CD /* IntermediateTableFourTests.xctest */,
			);
			name = Products;
			sourceTree = "<group>";
		};
		F0B343031A729E240066C2CD /* IntermediateTableFour */ = {
			isa = PBXGroup;
			children = (
				F0B343261A72A0F20066C2CD /* VideoGame.swift */,
				F0B343081A729E240066C2CD /* ViewController.swift */,
				F09F595E1B027BB70012A48B /* VideoGameDetail.swift */,
				F0B3430A1A729E240066C2CD /* Main.storyboard */,
				F0B3430D1A729E240066C2CD /* Images.xcassets */,
				F0B343041A729E240066C2CD /* Supporting Files */,
			);
			path = IntermediateTableFour;
			sourceTree = "<group>";
		};
		F0B343041A729E240066C2CD /* Supporting Files */ = {
			isa = PBXGroup;
			children = (
				F0B3430F1A729E240066C2CD /* LaunchScreen.xib */,
				F0B343061A729E240066C2CD /* AppDelegate.swift */,
				F0B343051A729E240066C2CD /* Info.plist */,
			);
			name = "Supporting Files";
			sourceTree = "<group>";
		};
		F0B343191A729E240066C2CD /* IntermediateTableFourTests */ = {
			isa = PBXGroup;
			children = (
				F0B3431C1A729E240066C2CD /* IntermediateTableFourTests.swift */,
				F0B3431A1A729E240066C2CD /* Supporting Files */,
			);
			path = IntermediateTableFourTests;
			sourceTree = "<group>";
		};
		F0B3431A1A729E240066C2CD /* Supporting Files */ = {
			isa = PBXGroup;
			children = (
				F0B3431B1A729E240066C2CD /* Info.plist */,
			);
			name = "Supporting Files";
			sourceTree = "<group>";
		};
/* End PBXGroup section */

/* Begin PBXNativeTarget section */
		F0B343001A729E240066C2CD /* IntermediateTableFour */ = {
			isa = PBXNativeTarget;
			buildConfigurationList = F0B343201A729E240066C2CD /* Build configuration list for PBXNativeTarget "IntermediateTableFour" */;
			buildPhases = (
				F0B342FD1A729E240066C2CD /* Sources */,
				F0B342FE1A729E240066C2CD /* Frameworks */,
				F0B342FF1A729E240066C2CD /* Resources */,
			);
			buildRules = (
			);
			dependencies = (
			);
			name = IntermediateTableFour;
			productName = IntermediateTableFour;
			productReference = F0B343011A729E240066C2CD /* IntermediateTableFour.app */;
			productType = "com.apple.product-type.application";
		};
		F0B343151A729E240066C2CD /* IntermediateTableFourTests */ = {
			isa = PBXNativeTarget;
			buildConfigurationList = F0B343231A729E240066C2CD /* Build configuration list for PBXNativeTarget "IntermediateTableFourTests" */;
			buildPhases = (
				F0B343121A729E240066C2CD /* Sources */,
				F0B343131A729E240066C2CD /* Frameworks */,
				F0B343141A729E240066C2CD /* Resources */,
			);
			buildRules = (
			);
			dependencies = (
				F0B343181A729E240066C2CD /* PBXTargetDependency */,
			);
			name = IntermediateTableFourTests;
			productName = IntermediateTableFourTests;
			productReference = F0B343161A729E240066C2CD /* IntermediateTableFourTests.xctest */;
			productType = "com.apple.product-type.bundle.unit-test";
		};
/* End PBXNativeTarget section */

/* Begin PBXProject section */
		F0B342F91A729E240066C2CD /* Project object */ = {
			isa = PBXProject;
			attributes = {
				LastUpgradeCheck = 0610;
				ORGANIZATIONNAME = "Todd Fleeman";
				TargetAttributes = {
					F0B343001A729E240066C2CD = {
						CreatedOnToolsVersion = 6.1.1;
					};
					F0B343151A729E240066C2CD = {
						CreatedOnToolsVersion = 6.1.1;
						TestTargetID = F0B343001A729E240066C2CD;
					};
				};
			};
			buildConfigurationList = F0B342FC1A729E240066C2CD /* Build configuration list for PBXProject "IntermediateTableFour" */;
			compatibilityVersion = "Xcode 3.2";
			developmentRegion = English;
			hasScannedForEncodings = 0;
			knownRegions = (
				en,
				Base,
			);
			mainGroup = F0B342F81A729E240066C2CD;
			productRefGroup = F0B343021A729E240066C2CD /* Products */;
			projectDirPath = "";
			projectRoot = "";
			targets = (
				F0B343001A729E240066C2CD /* IntermediateTableFour */,
				F0B343151A729E240066C2CD /* IntermediateTableFourTests */,
			);
		};
/* End PBXProject section */

/* Begin PBXResourcesBuildPhase section */
		F0B342FF1A729E240066C2CD /* Resources */ = {
			isa = PBXResourcesBuildPhase;
			buildActionMask = 2147483647;
			files = (
				F0B3430C1A729E240066C2CD /* Main.storyboard in Resources */,
				F0B343111A729E240066C2CD /* LaunchScreen.xib in Resources */,
				F0B3430E1A729E240066C2CD /* Images.xcassets in Resources */,
			);
			runOnlyForDeploymentPostprocessing = 0;
		};
		F0B343141A729E240066C2CD /* Resources */ = {
			isa = PBXResourcesBuildPhase;
			buildActionMask = 2147483647;
			files = (
			);
			runOnlyForDeploymentPostprocessing = 0;
		};
/* End PBXResourcesBuildPhase section */

/* Begin PBXSourcesBuildPhase section */
		F0B342FD1A729E240066C2CD /* Sources */ = {
			isa = PBXSourcesBuildPhase;
			buildActionMask = 2147483647;
			files = (
				F09F595F1B027BB70012A48B /* VideoGameDetail.swift in Sources */,
				F0B343091A729E240066C2CD /* ViewController.swift in Sources */,
				F0B343271A72A0F20066C2CD /* VideoGame.swift in Sources */,
				F0B343071A729E240066C2CD /* AppDelegate.swift in Sources */,
			);
			runOnlyForDeploymentPostprocessing = 0;
		};
		F0B343121A729E240066C2CD /* Sources */ = {
			isa = PBXSourcesBuildPhase;
			buildActionMask = 2147483647;
			files = (
				F0B3431D1A729E240066C2CD /* IntermediateTableFourTests.swift in Sources */,
			);
			runOnlyForDeploymentPostprocessing = 0;
		};
/* End PBXSourcesBuildPhase section */

/* Begin PBXTargetDependency section */
		F0B343181A729E240066C2CD /* PBXTargetDependency */ = {
			isa = PBXTargetDependency;
			target = F0B343001A729E240066C2CD /* IntermediateTableFour */;
			targetProxy = F0B343171A729E240066C2CD /* PBXContainerItemProxy */;
		};
/* End PBXTargetDependency section */

/* Begin PBXVariantGroup section */
		F0B3430A1A729E240066C2CD /* Main.storyboard */ = {
			isa = PBXVariantGroup;
			children = (
				F0B3430B1A729E240066C2CD /* Base */,
			);
			name = Main.storyboard;
			sourceTree = "<group>";
		};
		F0B3430F1A729E240066C2CD /* LaunchScreen.xib */ = {
			isa = PBXVariantGroup;
			children = (
				F0B343101A729E240066C2CD /* Base */,
			);
			name = LaunchScreen.xib;
			sourceTree = "<group>";
		};
/* End PBXVariantGroup section */

/* Begin XCBuildConfiguration section */
		F0B3431E1A729E240066C2CD /* Debug */ = {
			isa = XCBuildConfiguration;
			buildSettings = {
				ALWAYS_SEARCH_USER_PATHS = NO;
				CLANG_CXX_LANGUAGE_STANDARD = "gnu++0x";
				CLANG_CXX_LIBRARY = "libc++";
				CLANG_ENABLE_MODULES = YES;
				CLANG_ENABLE_OBJC_ARC = YES;
				CLANG_WARN_BOOL_CONVERSION = YES;
				CLANG_WARN_CONSTANT_CONVERSION = YES;
				CLANG_WARN_DIRECT_OBJC_ISA_USAGE = YES_ERROR;
				CLANG_WARN_EMPTY_BODY = YES;
				CLANG_WARN_ENUM_CONVERSION = YES;
				CLANG_WARN_INT_CONVERSION = YES;
				CLANG_WARN_OBJC_ROOT_CLASS = YES_ERROR;
				CLANG_WARN_UNREACHABLE_CODE = YES;
				CLANG_WARN__DUPLICATE_METHOD_MATCH = YES;
				"CODE_SIGN_IDENTITY[sdk=iphoneos*]" = "iPhone Developer";
				COPY_PHASE_STRIP = NO;
				ENABLE_STRICT_OBJC_MSGSEND = YES;
				GCC_C_LANGUAGE_STANDARD = gnu99;
				GCC_DYNAMIC_NO_PIC = NO;
				GCC_OPTIMIZATION_LEVEL = 0;
				GCC_PREPROCESSOR_DEFINITIONS = (
					"DEBUG=1",
					"$(inherited)",
				);
				GCC_SYMBOLS_PRIVATE_EXTERN = NO;
				GCC_WARN_64_TO_32_BIT_CONVERSION = YES;
				GCC_WARN_ABOUT_RETURN_TYPE = YES_ERROR;
				GCC_WARN_UNDECLARED_SELECTOR = YES;
				GCC_WARN_UNINITIALIZED_AUTOS = YES_AGGRESSIVE;
				GCC_WARN_UNUSED_FUNCTION = YES;
				GCC_WARN_UNUSED_VARIABLE = YES;
				IPHONEOS_DEPLOYMENT_TARGET = 8.1;
				MTL_ENABLE_DEBUG_INFO = YES;
				ONLY_ACTIVE_ARCH = YES;
				SDKROOT = iphoneos;
				SWIFT_OPTIMIZATION_LEVEL = "-Onone";
			};
			name = Debug;
		};
		F0B3431F1A729E240066C2CD /* Release */ = {
			isa = XCBuildConfiguration;
			buildSettings = {
				ALWAYS_SEARCH_USER_PATHS = NO;
				CLANG_CXX_LANGUAGE_STANDARD = "gnu++0x";
				CLANG_CXX_LIBRARY = "libc++";
				CLANG_ENABLE_MODULES = YES;
				CLANG_ENABLE_OBJC_ARC = YES;
				CLANG_WARN_BOOL_CONVERSION = YES;
				CLANG_WARN_CONSTANT_CONVERSION = YES;
				CLANG_WARN_DIRECT_OBJC_ISA_USAGE = YES_ERROR;
				CLANG_WARN_EMPTY_BODY = YES;
				CLANG_WARN_ENUM_CONVERSION = YES;
				CLANG_WARN_INT_CONVERSION = YES;
				CLANG_WARN_OBJC_ROOT_CLASS = YES_ERROR;
				CLANG_WARN_UNREACHABLE_CODE = YES;
				CLANG_WARN__DUPLICATE_METHOD_MATCH = YES;
				"CODE_SIGN_IDENTITY[sdk=iphoneos*]" = "iPhone Developer";
				COPY_PHASE_STRIP = YES;
				ENABLE_NS_ASSERTIONS = NO;
				ENABLE_STRICT_OBJC_MSGSEND = YES;
				GCC_C_LANGUAGE_STANDARD = gnu99;
				GCC_WARN_64_TO_32_BIT_CONVERSION = YES;
				GCC_WARN_ABOUT_RETURN_TYPE = YES_ERROR;
				GCC_WARN_UNDECLARED_SELECTOR = YES;
				GCC_WARN_UNINITIALIZED_AUTOS = YES_AGGRESSIVE;
				GCC_WARN_UNUSED_FUNCTION = YES;
				GCC_WARN_UNUSED_VARIABLE = YES;
				IPHONEOS_DEPLOYMENT_TARGET = 8.1;
				MTL_ENABLE_DEBUG_INFO = NO;
				SDKROOT = iphoneos;
				VALIDATE_PRODUCT = YES;
			};
			name = Release;
		};
		F0B343211A729E240066C2CD /* Debug */ = {
			isa = XCBuildConfiguration;
			buildSettings = {
				ASSETCATALOG_COMPILER_APPICON_NAME = AppIcon;
				INFOPLIST_FILE = IntermediateTableFour/Info.plist;
				LD_RUNPATH_SEARCH_PATHS = "$(inherited) @executable_path/Frameworks";
				PRODUCT_NAME = "$(TARGET_NAME)";
			};
			name = Debug;
		};
		F0B343221A729E240066C2CD /* Release */ = {
			isa = XCBuildConfiguration;
			buildSettings = {
				ASSETCATALOG_COMPILER_APPICON_NAME = AppIcon;
				INFOPLIST_FILE = IntermediateTableFour/Info.plist;
				LD_RUNPATH_SEARCH_PATHS = "$(inherited) @executable_path/Frameworks";
				PRODUCT_NAME = "$(TARGET_NAME)";
			};
			name = Release;
		};
		F0B343241A729E240066C2CD /* Debug */ = {
			isa = XCBuildConfiguration;
			buildSettings = {
				BUNDLE_LOADER = "$(TEST_HOST)";
				FRAMEWORK_SEARCH_PATHS = (
					"$(SDKROOT)/Developer/Library/Frameworks",
					"$(inherited)",
				);
				GCC_PREPROCESSOR_DEFINITIONS = (
					"DEBUG=1",
					"$(inherited)",
				);
				INFOPLIST_FILE = IntermediateTableFourTests/Info.plist;
				LD_RUNPATH_SEARCH_PATHS = "$(inherited) @executable_path/Frameworks @loader_path/Frameworks";
				PRODUCT_NAME = "$(TARGET_NAME)";
				TEST_HOST = "$(BUILT_PRODUCTS_DIR)/IntermediateTableFour.app/IntermediateTableFour";
			};
			name = Debug;
		};
		F0B343251A729E240066C2CD /* Release */ = {
			isa = XCBuildConfiguration;
			buildSettings = {
				BUNDLE_LOADER = "$(TEST_HOST)";
				FRAMEWORK_SEARCH_PATHS = (
					"$(SDKROOT)/Developer/Library/Frameworks",
					"$(inherited)",
				);
				INFOPLIST_FILE = IntermediateTableFourTests/Info.plist;
				LD_RUNPATH_SEARCH_PATHS = "$(inherited) @executable_path/Frameworks @loader_path/Frameworks";
				PRODUCT_NAME = "$(TARGET_NAME)";
				TEST_HOST = "$(BUILT_PRODUCTS_DIR)/IntermediateTableFour.app/IntermediateTableFour";
			};
			name = Release;
		};
/* End XCBuildConfiguration section */

/* Begin XCConfigurationList section */
		F0B342FC1A729E240066C2CD /* Build configuration list for PBXProject "IntermediateTableFour" */ = {
			isa = XCConfigurationList;
			buildConfigurations = (
				F0B3431E1A729E240066C2CD /* Debug */,
				F0B3431F1A729E240066C2CD /* Release */,
			);
			defaultConfigurationIsVisible = 0;
			defaultConfigurationName = Release;
		};
		F0B343201A729E240066C2CD /* Build configuration list for PBXNativeTarget "IntermediateTableFour" */ = {
			isa = XCConfigurationList;
			buildConfigurations = (
				F0B343211A729E240066C2CD /* Debug */,
				F0B343221A729E240066C2CD /* Release */,
			);
			defaultConfigurationIsVisible = 0;
			defaultConfigurationName = Release;
		};
		F0B343231A729E240066C2CD /* Build configuration list for PBXNativeTarget "IntermediateTableFourTests" */ = {
			isa = XCConfigurationList;
			buildConfigurations = (
				F0B343241A729E240066C2CD /* Debug */,
				F0B343251A729E240066C2CD /* Release */,
			);
			defaultConfigurationIsVisible = 0;
			defaultConfigurationName = Release;
		};
/* End XCConfigurationList section */
	};
	rootObject = F0B342F91A729E240066C2CD /* Project object */;
}
