// !$*UTF8*$!
{
	archiveVersion = 1;
	classes = {
	};
	objectVersion = 50;
	objects = {

/* Begin PBXBuildFile section */
		AD3AAFAA208683FA00CC576B /* AppDelegate.swift in Sources */ = {isa = PBXBuildFile; fileRef = AD3AAFA9208683FA00CC576B /* AppDelegate.swift */; };
		AD3AAFAC208683FA00CC576B /* ViewController.swift in Sources */ = {isa = PBXBuildFile; fileRef = AD3AAFAB208683FA00CC576B /* ViewController.swift */; };
		AD3AAFAF208683FA00CC576B /* Main.storyboard in Resources */ = {isa = PBXBuildFile; fileRef = AD3AAFAD208683FA00CC576B /* Main.storyboard */; };
		AD3AAFB1208683FC00CC576B /* Assets.xcassets in Resources */ = {isa = PBXBuildFile; fileRef = AD3AAFB0208683FC00CC576B /* Assets.xcassets */; };
		AD3AAFB4208683FC00CC576B /* LaunchScreen.storyboard in Resources */ = {isa = PBXBuildFile; fileRef = AD3AAFB2208683FC00CC576B /* LaunchScreen.storyboard */; };
/* End PBXBuildFile section */

/* Begin PBXFileReference section */
		AD3AAFA6208683FA00CC576B /* JSONDownloadTrial01.app */ = {isa = PBXFileReference; explicitFileType = wrapper.application; includeInIndex = 0; path = JSONDownloadTrial01.app; sourceTree = BUILT_PRODUCTS_DIR; };
		AD3AAFA9208683FA00CC576B /* AppDelegate.swift */ = {isa = PBXFileReference; lastKnownFileType = sourcecode.swift; path = AppDelegate.swift; sourceTree = "<group>"; };
		AD3AAFAB208683FA00CC576B /* ViewController.swift */ = {isa = PBXFileReference; lastKnownFileType = sourcecode.swift; path = ViewController.swift; sourceTree = "<group>"; };
		AD3AAFAE208683FA00CC576B /* Base */ = {isa = PBXFileReference; lastKnownFileType = file.storyboard; name = Base; path = Base.lproj/Main.storyboard; sourceTree = "<group>"; };
		AD3AAFB0208683FC00CC576B /* Assets.xcassets */ = {isa = PBXFileReference; lastKnownFileType = folder.assetcatalog; path = Assets.xcassets; sourceTree = "<group>"; };
		AD3AAFB3208683FC00CC576B /* Base */ = {isa = PBXFileReference; lastKnownFileType = file.storyboard; name = Base; path = Base.lproj/LaunchScreen.storyboard; sourceTree = "<group>"; };
		AD3AAFB5208683FC00CC576B /* Info.plist */ = {isa = PBXFileReference; lastKnownFileType = text.plist.xml; path = Info.plist; sourceTree = "<group>"; };
/* End PBXFileReference section */

/* Begin PBXFrameworksBuildPhase section */
		AD3AAFA3208683FA00CC576B /* Frameworks */ = {
			isa = PBXFrameworksBuildPhase;
			buildActionMask = 2147483647;
			files = (
			);
			runOnlyForDeploymentPostprocessing = 0;
		};
/* End PBXFrameworksBuildPhase section */

/* Begin PBXGroup section */
		AD3AAF9D208683FA00CC576B = {
			isa = PBXGroup;
			children = (
				AD3AAFA8208683FA00CC576B /* JSONDownloadTrial01 */,
				AD3AAFA7208683FA00CC576B /* Products */,
			);
			sourceTree = "<group>";
		};
		AD3AAFA7208683FA00CC576B /* Products */ = {
			isa = PBXGroup;
			children = (
				AD3AAFA6208683FA00CC576B /* JSONDownloadTrial01.app */,
			);
			name = Products;
			sourceTree = "<group>";
		};
		AD3AAFA8208683FA00CC576B /* JSONDownloadTrial01 */ = {
			isa = PBXGroup;
			children = (
				AD3AAFA9208683FA00CC576B /* AppDelegate.swift */,
				AD3AAFAB208683FA00CC576B /* ViewController.swift */,
				AD3AAFAD208683FA00CC576B /* Main.storyboard */,
				AD3AAFB0208683FC00CC576B /* Assets.xcassets */,
				AD3AAFB2208683FC00CC576B /* LaunchScreen.storyboard */,
				AD3AAFB5208683FC00CC576B /* Info.plist */,
			);
			path = JSONDownloadTrial01;
			sourceTree = "<group>";
		};
/* End PBXGroup section */

/* Begin PBXNativeTarget section */
		AD3AAFA5208683FA00CC576B /* JSONDownloadTrial01 */ = {
			isa = PBXNativeTarget;
			buildConfigurationList = AD3AAFB8208683FC00CC576B /* Build configuration list for PBXNativeTarget "JSONDownloadTrial01" */;
			buildPhases = (
				AD3AAFA2208683FA00CC576B /* Sources */,
				AD3AAFA3208683FA00CC576B /* Frameworks */,
				AD3AAFA4208683FA00CC576B /* Resources */,
			);
			buildRules = (
			);
			dependencies = (
			);
			name = JSONDownloadTrial01;
			productName = JSONDownloadTrial01;
			productReference = AD3AAFA6208683FA00CC576B /* JSONDownloadTrial01.app */;
			productType = "com.apple.product-type.application";
		};
/* End PBXNativeTarget section */

/* Begin PBXProject section */
		AD3AAF9E208683FA00CC576B /* Project object */ = {
			isa = PBXProject;
			attributes = {
				LastSwiftUpdateCheck = 0930;
				LastUpgradeCheck = 0930;
				ORGANIZATIONNAME = "Fleeman, Todd (CMG-Atlanta)";
				TargetAttributes = {
					AD3AAFA5208683FA00CC576B = {
						CreatedOnToolsVersion = 9.3;
					};
				};
			};
			buildConfigurationList = AD3AAFA1208683FA00CC576B /* Build configuration list for PBXProject "JSONDownloadTrial01" */;
			compatibilityVersion = "Xcode 9.3";
			developmentRegion = en;
			hasScannedForEncodings = 0;
			knownRegions = (
				en,
				Base,
			);
			mainGroup = AD3AAF9D208683FA00CC576B;
			productRefGroup = AD3AAFA7208683FA00CC576B /* Products */;
			projectDirPath = "";
			projectRoot = "";
			targets = (
				AD3AAFA5208683FA00CC576B /* JSONDownloadTrial01 */,
			);
		};
/* End PBXProject section */

/* Begin PBXResourcesBuildPhase section */
		AD3AAFA4208683FA00CC576B /* Resources */ = {
			isa = PBXResourcesBuildPhase;
			buildActionMask = 2147483647;
			files = (
				AD3AAFB4208683FC00CC576B /* LaunchScreen.storyboard in Resources */,
				AD3AAFB1208683FC00CC576B /* Assets.xcassets in Resources */,
				AD3AAFAF208683FA00CC576B /* Main.storyboard in Resources */,
			);
			runOnlyForDeploymentPostprocessing = 0;
		};
/* End PBXResourcesBuildPhase section */

/* Begin PBXSourcesBuildPhase section */
		AD3AAFA2208683FA00CC576B /* Sources */ = {
			isa = PBXSourcesBuildPhase;
			buildActionMask = 2147483647;
			files = (
				AD3AAFAC208683FA00CC576B /* ViewController.swift in Sources */,
				AD3AAFAA208683FA00CC576B /* AppDelegate.swift in Sources */,
			);
			runOnlyForDeploymentPostprocessing = 0;
		};
/* End PBXSourcesBuildPhase section */

/* Begin PBXVariantGroup section */
		AD3AAFAD208683FA00CC576B /* Main.storyboard */ = {
			isa = PBXVariantGroup;
			children = (
				AD3AAFAE208683FA00CC576B /* Base */,
			);
			name = Main.storyboard;
			sourceTree = "<group>";
		};
		AD3AAFB2208683FC00CC576B /* LaunchScreen.storyboard */ = {
			isa = PBXVariantGroup;
			children = (
				AD3AAFB3208683FC00CC576B /* Base */,
			);
			name = LaunchScreen.storyboard;
			sourceTree = "<group>";
		};
/* End PBXVariantGroup section */

/* Begin XCBuildConfiguration section */
		AD3AAFB6208683FC00CC576B /* Debug */ = {
			isa = XCBuildConfiguration;
			buildSettings = {
				ALWAYS_SEARCH_USER_PATHS = NO;
				CLANG_ANALYZER_NONNULL = YES;
				CLANG_ANALYZER_NUMBER_OBJECT_CONVERSION = YES_AGGRESSIVE;
				CLANG_CXX_LANGUAGE_STANDARD = "gnu++14";
				CLANG_CXX_LIBRARY = "libc++";
				CLANG_ENABLE_MODULES = YES;
				CLANG_ENABLE_OBJC_ARC = YES;
				CLANG_ENABLE_OBJC_WEAK = YES;
				CLANG_WARN_BLOCK_CAPTURE_AUTORELEASING = YES;
				CLANG_WARN_BOOL_CONVERSION = YES;
				CLANG_WARN_COMMA = YES;
				CLANG_WARN_CONSTANT_CONVERSION = YES;
				CLANG_WARN_DEPRECATED_OBJC_IMPLEMENTATIONS = YES;
				CLANG_WARN_DIRECT_OBJC_ISA_USAGE = YES_ERROR;
				CLANG_WARN_DOCUMENTATION_COMMENTS = YES;
				CLANG_WARN_EMPTY_BODY = YES;
				CLANG_WARN_ENUM_CONVERSION = YES;
				CLANG_WARN_INFINITE_RECURSION = YES;
				CLANG_WARN_INT_CONVERSION = YES;
				CLANG_WARN_NON_LITERAL_NULL_CONVERSION = YES;
				CLANG_WARN_OBJC_IMPLICIT_RETAIN_SELF = YES;
				CLANG_WARN_OBJC_LITERAL_CONVERSION = YES;
				CLANG_WARN_OBJC_ROOT_CLASS = YES_ERROR;
				CLANG_WARN_RANGE_LOOP_ANALYSIS = YES;
				CLANG_WARN_STRICT_PROTOTYPES = YES;
				CLANG_WARN_SUSPICIOUS_MOVE = YES;
				CLANG_WARN_UNGUARDED_AVAILABILITY = YES_AGGRESSIVE;
				CLANG_WARN_UNREACHABLE_CODE = YES;
				CLANG_WARN__DUPLICATE_METHOD_MATCH = YES;
				CODE_SIGN_IDENTITY = "iPhone Developer";
				COPY_PHASE_STRIP = NO;
				DEBUG_INFORMATION_FORMAT = dwarf;
				ENABLE_STRICT_OBJC_MSGSEND = YES;
				ENABLE_TESTABILITY = YES;
				GCC_C_LANGUAGE_STANDARD = gnu11;
				GCC_DYNAMIC_NO_PIC = NO;
				GCC_NO_COMMON_BLOCKS = YES;
				GCC_OPTIMIZATION_LEVEL = 0;
				GCC_PREPROCESSOR_DEFINITIONS = (
					"DEBUG=1",
					"$(inherited)",
				);
				GCC_WARN_64_TO_32_BIT_CONVERSION = YES;
				GCC_WARN_ABOUT_RETURN_TYPE = YES_ERROR;
				GCC_WARN_UNDECLARED_SELECTOR = YES;
				GCC_WARN_UNINITIALIZED_AUTOS = YES_AGGRESSIVE;
				GCC_WARN_UNUSED_FUNCTION = YES;
				GCC_WARN_UNUSED_VARIABLE = YES;
				IPHONEOS_DEPLOYMENT_TARGET = 11.3;
				MTL_ENABLE_DEBUG_INFO = YES;
				ONLY_ACTIVE_ARCH = YES;
				SDKROOT = iphoneos;
				SWIFT_ACTIVE_COMPILATION_CONDITIONS = DEBUG;
				SWIFT_OPTIMIZATION_LEVEL = "-Onone";
			};
			name = Debug;
		};
		AD3AAFB7208683FC00CC576B /* Release */ = {
			isa = XCBuildConfiguration;
			buildSettings = {
				ALWAYS_SEARCH_USER_PATHS = NO;
				CLANG_ANALYZER_NONNULL = YES;
				CLANG_ANALYZER_NUMBER_OBJECT_CONVERSION = YES_AGGRESSIVE;
				CLANG_CXX_LANGUAGE_STANDARD = "gnu++14";
				CLANG_CXX_LIBRARY = "libc++";
				CLANG_ENABLE_MODULES = YES;
				CLANG_ENABLE_OBJC_ARC = YES;
				CLANG_ENABLE_OBJC_WEAK = YES;
				CLANG_WARN_BLOCK_CAPTURE_AUTORELEASING = YES;
				CLANG_WARN_BOOL_CONVERSION = YES;
				CLANG_WARN_COMMA = YES;
				CLANG_WARN_CONSTANT_CONVERSION = YES;
				CLANG_WARN_DEPRECATED_OBJC_IMPLEMENTATIONS = YES;
				CLANG_WARN_DIRECT_OBJC_ISA_USAGE = YES_ERROR;
				CLANG_WARN_DOCUMENTATION_COMMENTS = YES;
				CLANG_WARN_EMPTY_BODY = YES;
				CLANG_WARN_ENUM_CONVERSION = YES;
				CLANG_WARN_INFINITE_RECURSION = YES;
				CLANG_WARN_INT_CONVERSION = YES;
				CLANG_WARN_NON_LITERAL_NULL_CONVERSION = YES;
				CLANG_WARN_OBJC_IMPLICIT_RETAIN_SELF = YES;
				CLANG_WARN_OBJC_LITERAL_CONVERSION = YES;
				CLANG_WARN_OBJC_ROOT_CLASS = YES_ERROR;
				CLANG_WARN_RANGE_LOOP_ANALYSIS = YES;
				CLANG_WARN_STRICT_PROTOTYPES = YES;
				CLANG_WARN_SUSPICIOUS_MOVE = YES;
				CLANG_WARN_UNGUARDED_AVAILABILITY = YES_AGGRESSIVE;
				CLANG_WARN_UNREACHABLE_CODE = YES;
				CLANG_WARN__DUPLICATE_METHOD_MATCH = YES;
				CODE_SIGN_IDENTITY = "iPhone Developer";
				COPY_PHASE_STRIP = NO;
				DEBUG_INFORMATION_FORMAT = "dwarf-with-dsym";
				ENABLE_NS_ASSERTIONS = NO;
				ENABLE_STRICT_OBJC_MSGSEND = YES;
				GCC_C_LANGUAGE_STANDARD = gnu11;
				GCC_NO_COMMON_BLOCKS = YES;
				GCC_WARN_64_TO_32_BIT_CONVERSION = YES;
				GCC_WARN_ABOUT_RETURN_TYPE = YES_ERROR;
				GCC_WARN_UNDECLARED_SELECTOR = YES;
				GCC_WARN_UNINITIALIZED_AUTOS = YES_AGGRESSIVE;
				GCC_WARN_UNUSED_FUNCTION = YES;
				GCC_WARN_UNUSED_VARIABLE = YES;
				IPHONEOS_DEPLOYMENT_TARGET = 11.3;
				MTL_ENABLE_DEBUG_INFO = NO;
				SDKROOT = iphoneos;
				SWIFT_COMPILATION_MODE = wholemodule;
				SWIFT_OPTIMIZATION_LEVEL = "-O";
				VALIDATE_PRODUCT = YES;
			};
			name = Release;
		};
		AD3AAFB9208683FC00CC576B /* Debug */ = {
			isa = XCBuildConfiguration;
			buildSettings = {
				ASSETCATALOG_COMPILER_APPICON_NAME = AppIcon;
				CODE_SIGN_STYLE = Automatic;
				INFOPLIST_FILE = JSONDownloadTrial01/Info.plist;
				LD_RUNPATH_SEARCH_PATHS = (
					"$(inherited)",
					"@executable_path/Frameworks",
				);
				PRODUCT_BUNDLE_IDENTIFIER = com.rtodd.JSONDownloadTrial01;
				PRODUCT_NAME = "$(TARGET_NAME)";
				SWIFT_VERSION = 4.0;
				TARGETED_DEVICE_FAMILY = "1,2";
			};
			name = Debug;
		};
		AD3AAFBA208683FC00CC576B /* Release */ = {
			isa = XCBuildConfiguration;
			buildSettings = {
				ASSETCATALOG_COMPILER_APPICON_NAME = AppIcon;
				CODE_SIGN_STYLE = Automatic;
				INFOPLIST_FILE = JSONDownloadTrial01/Info.plist;
				LD_RUNPATH_SEARCH_PATHS = (
					"$(inherited)",
					"@executable_path/Frameworks",
				);
				PRODUCT_BUNDLE_IDENTIFIER = com.rtodd.JSONDownloadTrial01;
				PRODUCT_NAME = "$(TARGET_NAME)";
				SWIFT_VERSION = 4.0;
				TARGETED_DEVICE_FAMILY = "1,2";
			};
			name = Release;
		};
/* End XCBuildConfiguration section */

/* Begin XCConfigurationList section */
		AD3AAFA1208683FA00CC576B /* Build configuration list for PBXProject "JSONDownloadTrial01" */ = {
			isa = XCConfigurationList;
			buildConfigurations = (
				AD3AAFB6208683FC00CC576B /* Debug */,
				AD3AAFB7208683FC00CC576B /* Release */,
			);
			defaultConfigurationIsVisible = 0;
			defaultConfigurationName = Release;
		};
		AD3AAFB8208683FC00CC576B /* Build configuration list for PBXNativeTarget "JSONDownloadTrial01" */ = {
			isa = XCConfigurationList;
			buildConfigurations = (
				AD3AAFB9208683FC00CC576B /* Debug */,
				AD3AAFBA208683FC00CC576B /* Release */,
			);
			defaultConfigurationIsVisible = 0;
			defaultConfigurationName = Release;
		};
/* End XCConfigurationList section */
	};
	rootObject = AD3AAF9E208683FA00CC576B /* Project object */;
}
